
Microsoft Visual Studio Solution File, Format Version 12.00
# Visual Studio 14
VisualStudioVersion = 14.0.25123.0
MinimumVisualStudioVersion = 10.0.40219.1
Project("{FAE04EC0-301F-11D3-BF4B-00C04F79EFBC}") = "Beatshake.Droid", "Beatshake\Beatshake.Droid\Beatshake.Droid.csproj", "{943B23C3-2AE9-4A04-8D4C-5D847AC65385}"
EndProject
Project("{FAE04EC0-301F-11D3-BF4B-00C04F79EFBC}") = "Beatshake.iOS", "Beatshake\Beatshake.iOS\Beatshake.iOS.csproj", "{C7BB388A-2754-4DC6-8B79-0E20C03B4547}"
EndProject
Project("{FAE04EC0-301F-11D3-BF4B-00C04F79EFBC}") = "Beatshake.WinPhone", "Beatshake\Beatshake.WinPhone\Beatshake.WinPhone.csproj", "{0E1790FB-0DCB-4D7D-8A8D-2518F5B5A486}"
EndProject
Project("{FAE04EC0-301F-11D3-BF4B-00C04F79EFBC}") = "Beatshake.UWP", "Beatshake\Beatshake.UWP\Beatshake.UWP.csproj", "{6315E38B-C7F2-4D68-B9FA-4EE3FF813263}"
EndProject
Project("{FAE04EC0-301F-11D3-BF4B-00C04F79EFBC}") = "Beatshake.Windows", "Beatshake\Beatshake.Windows\Beatshake.Windows.csproj", "{6036666D-C29C-40F9-90E5-C0CC5C8EEE39}"
EndProject
Project("{FAE04EC0-301F-11D3-BF4B-00C04F79EFBC}") = "Beatshake", "Beatshake\Beatshake\Beatshake.csproj", "{DCC31F59-BD19-4E1A-9C52-E7A90C9DC62E}"
EndProject
Project("{D954291E-2A0B-460D-934E-DC6B0785DB48}") = "Beatshake.Shared", "Beatshake.Shared\Beatshake.Shared.shproj", "{DF0F0350-5EAE-442B-9EC0-6374245F6659}"
EndProject
Project("{2150E333-8FDC-42A3-9474-1A3956D46DE8}") = "Resources", "Resources", "{D2562A67-AEDB-4847-8D11-97E551A1C694}"
	ProjectSection(SolutionItems) = preProject
		..\Resources\Beatshake ico.png = ..\Resources\Beatshake ico.png
		..\Resources\Beatshake.png = ..\Resources\Beatshake.png
	EndProjectSection
EndProject
Project("{2150E333-8FDC-42A3-9474-1A3956D46DE8}") = "Logo", "Logo", "{AC7CED37-C4EB-4675-A6CB-3B269D182205}"
	ProjectSection(SolutionItems) = preProject
		..\Resources\Logo\106x106.png = ..\Resources\Logo\106x106.png
		..\Resources\Logo\120x120.png = ..\Resources\Logo\120x120.png
		..\Resources\Logo\170x170.png = ..\Resources\Logo\170x170.png
		..\Resources\Logo\360x360.png = ..\Resources\Logo\360x360.png
		..\Resources\Logo\740x360.png = ..\Resources\Logo\740x360.png
		..\Resources\Logo\950x950.png = ..\Resources\Logo\950x950.png
		..\Resources\Logo\Beatshake.png = ..\Resources\Logo\Beatshake.png
	EndProjectSection
EndProject
Project("{2150E333-8FDC-42A3-9474-1A3956D46DE8}") = "Tests", "Tests", "{FA1DE470-A0D1-4D7E-A8F9-C69C4D1A8726}"
EndProject
Project("{FAE04EC0-301F-11D3-BF4B-00C04F79EFBC}") = "Beatshake.Tests", "Beatshake.Tests\Beatshake.Tests.csproj", "{CA8ACD6C-F411-4F7C-BC2A-C9B7E26AD9CF}"
EndProject
Project("{2150E333-8FDC-42A3-9474-1A3956D46DE8}") = "Helper", "Helper", "{B078A77E-AA81-4BF8-84F2-2F98C88990FD}"
EndProject
Global
	GlobalSection(SharedMSBuildProjectFiles) = preSolution
		Beatshake.Shared\Beatshake.Shared.projitems*{df0f0350-5eae-442b-9ec0-6374245f6659}*SharedItemsImports = 13
		Beatshake.Shared\Beatshake.Shared.projitems*{6315e38b-c7f2-4d68-b9fa-4ee3ff813263}*SharedItemsImports = 4
		Beatshake.Shared\Beatshake.Shared.projitems*{0e1790fb-0dcb-4d7d-8a8d-2518f5b5a486}*SharedItemsImports = 4
	EndGlobalSection
	GlobalSection(SolutionConfigurationPlatforms) = preSolution
		Ad-Hoc|Any CPU = Ad-Hoc|Any CPU
		Ad-Hoc|ARM = Ad-Hoc|ARM
		Ad-Hoc|iPhone = Ad-Hoc|iPhone
		Ad-Hoc|iPhoneSimulator = Ad-Hoc|iPhoneSimulator
		Ad-Hoc|x64 = Ad-Hoc|x64
		Ad-Hoc|x86 = Ad-Hoc|x86
		AppStore|Any CPU = AppStore|Any CPU
		AppStore|ARM = AppStore|ARM
		AppStore|iPhone = AppStore|iPhone
		AppStore|iPhoneSimulator = AppStore|iPhoneSimulator
		AppStore|x64 = AppStore|x64
		AppStore|x86 = AppStore|x86
		Debug|Any CPU = Debug|Any CPU
		Debug|ARM = Debug|ARM
		Debug|iPhone = Debug|iPhone
		Debug|iPhoneSimulator = Debug|iPhoneSimulator
		Debug|x64 = Debug|x64
		Debug|x86 = Debug|x86
		Release|Any CPU = Release|Any CPU
		Release|ARM = Release|ARM
		Release|iPhone = Release|iPhone
		Release|iPhoneSimulator = Release|iPhoneSimulator
		Release|x64 = Release|x64
		Release|x86 = Release|x86
	EndGlobalSection
	GlobalSection(ProjectConfigurationPlatforms) = postSolution
		{943B23C3-2AE9-4A04-8D4C-5D847AC65385}.Ad-Hoc|Any CPU.ActiveCfg = Release|Any CPU
		{943B23C3-2AE9-4A04-8D4C-5D847AC65385}.Ad-Hoc|Any CPU.Build.0 = Release|Any CPU
		{943B23C3-2AE9-4A04-8D4C-5D847AC65385}.Ad-Hoc|Any CPU.Deploy.0 = Release|Any CPU
		{943B23C3-2AE9-4A04-8D4C-5D847AC65385}.Ad-Hoc|ARM.ActiveCfg = Release|Any CPU
		{943B23C3-2AE9-4A04-8D4C-5D847AC65385}.Ad-Hoc|ARM.Build.0 = Release|Any CPU
		{943B23C3-2AE9-4A04-8D4C-5D847AC65385}.Ad-Hoc|ARM.Deploy.0 = Release|Any CPU
		{943B23C3-2AE9-4A04-8D4C-5D847AC65385}.Ad-Hoc|iPhone.ActiveCfg = Release|Any CPU
		{943B23C3-2AE9-4A04-8D4C-5D847AC65385}.Ad-Hoc|iPhone.Build.0 = Release|Any CPU
		{943B23C3-2AE9-4A04-8D4C-5D847AC65385}.Ad-Hoc|iPhone.Deploy.0 = Release|Any CPU
		{943B23C3-2AE9-4A04-8D4C-5D847AC65385}.Ad-Hoc|iPhoneSimulator.ActiveCfg = Release|Any CPU
		{943B23C3-2AE9-4A04-8D4C-5D847AC65385}.Ad-Hoc|iPhoneSimulator.Build.0 = Release|Any CPU
		{943B23C3-2AE9-4A04-8D4C-5D847AC65385}.Ad-Hoc|iPhoneSimulator.Deploy.0 = Release|Any CPU
		{943B23C3-2AE9-4A04-8D4C-5D847AC65385}.Ad-Hoc|x64.ActiveCfg = Release|Any CPU
		{943B23C3-2AE9-4A04-8D4C-5D847AC65385}.Ad-Hoc|x64.Build.0 = Release|Any CPU
		{943B23C3-2AE9-4A04-8D4C-5D847AC65385}.Ad-Hoc|x64.Deploy.0 = Release|Any CPU
		{943B23C3-2AE9-4A04-8D4C-5D847AC65385}.Ad-Hoc|x86.ActiveCfg = Release|Any CPU
		{943B23C3-2AE9-4A04-8D4C-5D847AC65385}.Ad-Hoc|x86.Build.0 = Release|Any CPU
		{943B23C3-2AE9-4A04-8D4C-5D847AC65385}.Ad-Hoc|x86.Deploy.0 = Release|Any CPU
		{943B23C3-2AE9-4A04-8D4C-5D847AC65385}.AppStore|Any CPU.ActiveCfg = Release|Any CPU
		{943B23C3-2AE9-4A04-8D4C-5D847AC65385}.AppStore|Any CPU.Build.0 = Release|Any CPU
		{943B23C3-2AE9-4A04-8D4C-5D847AC65385}.AppStore|Any CPU.Deploy.0 = Release|Any CPU
		{943B23C3-2AE9-4A04-8D4C-5D847AC65385}.AppStore|ARM.ActiveCfg = Release|Any CPU
		{943B23C3-2AE9-4A04-8D4C-5D847AC65385}.AppStore|ARM.Build.0 = Release|Any CPU
		{943B23C3-2AE9-4A04-8D4C-5D847AC65385}.AppStore|ARM.Deploy.0 = Release|Any CPU
		{943B23C3-2AE9-4A04-8D4C-5D847AC65385}.AppStore|iPhone.ActiveCfg = Release|Any CPU
		{943B23C3-2AE9-4A04-8D4C-5D847AC65385}.AppStore|iPhone.Build.0 = Release|Any CPU
		{943B23C3-2AE9-4A04-8D4C-5D847AC65385}.AppStore|iPhone.Deploy.0 = Release|Any CPU
		{943B23C3-2AE9-4A04-8D4C-5D847AC65385}.AppStore|iPhoneSimulator.ActiveCfg = Release|Any CPU
		{943B23C3-2AE9-4A04-8D4C-5D847AC65385}.AppStore|iPhoneSimulator.Build.0 = Release|Any CPU
		{943B23C3-2AE9-4A04-8D4C-5D847AC65385}.AppStore|iPhoneSimulator.Deploy.0 = Release|Any CPU
		{943B23C3-2AE9-4A04-8D4C-5D847AC65385}.AppStore|x64.ActiveCfg = Release|Any CPU
		{943B23C3-2AE9-4A04-8D4C-5D847AC65385}.AppStore|x64.Build.0 = Release|Any CPU
		{943B23C3-2AE9-4A04-8D4C-5D847AC65385}.AppStore|x64.Deploy.0 = Release|Any CPU
		{943B23C3-2AE9-4A04-8D4C-5D847AC65385}.AppStore|x86.ActiveCfg = Release|Any CPU
		{943B23C3-2AE9-4A04-8D4C-5D847AC65385}.AppStore|x86.Build.0 = Release|Any CPU
		{943B23C3-2AE9-4A04-8D4C-5D847AC65385}.AppStore|x86.Deploy.0 = Release|Any CPU
		{943B23C3-2AE9-4A04-8D4C-5D847AC65385}.Debug|Any CPU.ActiveCfg = Debug|Any CPU
		{943B23C3-2AE9-4A04-8D4C-5D847AC65385}.Debug|Any CPU.Build.0 = Debug|Any CPU
		{943B23C3-2AE9-4A04-8D4C-5D847AC65385}.Debug|Any CPU.Deploy.0 = Debug|Any CPU
		{943B23C3-2AE9-4A04-8D4C-5D847AC65385}.Debug|ARM.ActiveCfg = Debug|Any CPU
		{943B23C3-2AE9-4A04-8D4C-5D847AC65385}.Debug|ARM.Build.0 = Debug|Any CPU
		{943B23C3-2AE9-4A04-8D4C-5D847AC65385}.Debug|ARM.Deploy.0 = Debug|Any CPU
		{943B23C3-2AE9-4A04-8D4C-5D847AC65385}.Debug|iPhone.ActiveCfg = Debug|Any CPU
		{943B23C3-2AE9-4A04-8D4C-5D847AC65385}.Debug|iPhone.Build.0 = Debug|Any CPU
		{943B23C3-2AE9-4A04-8D4C-5D847AC65385}.Debug|iPhone.Deploy.0 = Debug|Any CPU
		{943B23C3-2AE9-4A04-8D4C-5D847AC65385}.Debug|iPhoneSimulator.ActiveCfg = Debug|Any CPU
		{943B23C3-2AE9-4A04-8D4C-5D847AC65385}.Debug|iPhoneSimulator.Build.0 = Debug|Any CPU
		{943B23C3-2AE9-4A04-8D4C-5D847AC65385}.Debug|iPhoneSimulator.Deploy.0 = Debug|Any CPU
		{943B23C3-2AE9-4A04-8D4C-5D847AC65385}.Debug|x64.ActiveCfg = Debug|Any CPU
		{943B23C3-2AE9-4A04-8D4C-5D847AC65385}.Debug|x64.Build.0 = Debug|Any CPU
		{943B23C3-2AE9-4A04-8D4C-5D847AC65385}.Debug|x64.Deploy.0 = Debug|Any CPU
		{943B23C3-2AE9-4A04-8D4C-5D847AC65385}.Debug|x86.ActiveCfg = Debug|Any CPU
		{943B23C3-2AE9-4A04-8D4C-5D847AC65385}.Debug|x86.Build.0 = Debug|Any CPU
		{943B23C3-2AE9-4A04-8D4C-5D847AC65385}.Debug|x86.Deploy.0 = Debug|Any CPU
		{943B23C3-2AE9-4A04-8D4C-5D847AC65385}.Release|Any CPU.ActiveCfg = Release|Any CPU
		{943B23C3-2AE9-4A04-8D4C-5D847AC65385}.Release|Any CPU.Build.0 = Release|Any CPU
		{943B23C3-2AE9-4A04-8D4C-5D847AC65385}.Release|Any CPU.Deploy.0 = Release|Any CPU
		{943B23C3-2AE9-4A04-8D4C-5D847AC65385}.Release|ARM.ActiveCfg = Release|Any CPU
		{943B23C3-2AE9-4A04-8D4C-5D847AC65385}.Release|ARM.Build.0 = Release|Any CPU
		{943B23C3-2AE9-4A04-8D4C-5D847AC65385}.Release|ARM.Deploy.0 = Release|Any CPU
		{943B23C3-2AE9-4A04-8D4C-5D847AC65385}.Release|iPhone.ActiveCfg = Release|Any CPU
		{943B23C3-2AE9-4A04-8D4C-5D847AC65385}.Release|iPhone.Build.0 = Release|Any CPU
		{943B23C3-2AE9-4A04-8D4C-5D847AC65385}.Release|iPhone.Deploy.0 = Release|Any CPU
		{943B23C3-2AE9-4A04-8D4C-5D847AC65385}.Release|iPhoneSimulator.ActiveCfg = Release|Any CPU
		{943B23C3-2AE9-4A04-8D4C-5D847AC65385}.Release|iPhoneSimulator.Build.0 = Release|Any CPU
		{943B23C3-2AE9-4A04-8D4C-5D847AC65385}.Release|iPhoneSimulator.Deploy.0 = Release|Any CPU
		{943B23C3-2AE9-4A04-8D4C-5D847AC65385}.Release|x64.ActiveCfg = Release|Any CPU
		{943B23C3-2AE9-4A04-8D4C-5D847AC65385}.Release|x64.Build.0 = Release|Any CPU
		{943B23C3-2AE9-4A04-8D4C-5D847AC65385}.Release|x64.Deploy.0 = Release|Any CPU
		{943B23C3-2AE9-4A04-8D4C-5D847AC65385}.Release|x86.ActiveCfg = Release|Any CPU
		{943B23C3-2AE9-4A04-8D4C-5D847AC65385}.Release|x86.Build.0 = Release|Any CPU
		{943B23C3-2AE9-4A04-8D4C-5D847AC65385}.Release|x86.Deploy.0 = Release|Any CPU
		{C7BB388A-2754-4DC6-8B79-0E20C03B4547}.Ad-Hoc|Any CPU.ActiveCfg = Ad-Hoc|iPhone
		{C7BB388A-2754-4DC6-8B79-0E20C03B4547}.Ad-Hoc|ARM.ActiveCfg = Ad-Hoc|iPhone
		{C7BB388A-2754-4DC6-8B79-0E20C03B4547}.Ad-Hoc|iPhone.ActiveCfg = Ad-Hoc|iPhone
		{C7BB388A-2754-4DC6-8B79-0E20C03B4547}.Ad-Hoc|iPhone.Build.0 = Ad-Hoc|iPhone
		{C7BB388A-2754-4DC6-8B79-0E20C03B4547}.Ad-Hoc|iPhoneSimulator.ActiveCfg = Ad-Hoc|iPhoneSimulator
		{C7BB388A-2754-4DC6-8B79-0E20C03B4547}.Ad-Hoc|iPhoneSimulator.Build.0 = Ad-Hoc|iPhoneSimulator
		{C7BB388A-2754-4DC6-8B79-0E20C03B4547}.Ad-Hoc|x64.ActiveCfg = Ad-Hoc|iPhone
		{C7BB388A-2754-4DC6-8B79-0E20C03B4547}.Ad-Hoc|x86.ActiveCfg = Ad-Hoc|iPhone
		{C7BB388A-2754-4DC6-8B79-0E20C03B4547}.AppStore|Any CPU.ActiveCfg = AppStore|iPhone
		{C7BB388A-2754-4DC6-8B79-0E20C03B4547}.AppStore|ARM.ActiveCfg = AppStore|iPhone
		{C7BB388A-2754-4DC6-8B79-0E20C03B4547}.AppStore|iPhone.ActiveCfg = AppStore|iPhone
		{C7BB388A-2754-4DC6-8B79-0E20C03B4547}.AppStore|iPhone.Build.0 = AppStore|iPhone
		{C7BB388A-2754-4DC6-8B79-0E20C03B4547}.AppStore|iPhoneSimulator.ActiveCfg = AppStore|iPhoneSimulator
		{C7BB388A-2754-4DC6-8B79-0E20C03B4547}.AppStore|iPhoneSimulator.Build.0 = AppStore|iPhoneSimulator
		{C7BB388A-2754-4DC6-8B79-0E20C03B4547}.AppStore|x64.ActiveCfg = AppStore|iPhone
		{C7BB388A-2754-4DC6-8B79-0E20C03B4547}.AppStore|x86.ActiveCfg = AppStore|iPhone
		{C7BB388A-2754-4DC6-8B79-0E20C03B4547}.Debug|Any CPU.ActiveCfg = Debug|iPhone
		{C7BB388A-2754-4DC6-8B79-0E20C03B4547}.Debug|ARM.ActiveCfg = Debug|iPhone
		{C7BB388A-2754-4DC6-8B79-0E20C03B4547}.Debug|iPhone.ActiveCfg = Debug|iPhone
		{C7BB388A-2754-4DC6-8B79-0E20C03B4547}.Debug|iPhone.Build.0 = Debug|iPhone
		{C7BB388A-2754-4DC6-8B79-0E20C03B4547}.Debug|iPhoneSimulator.ActiveCfg = Debug|iPhoneSimulator
		{C7BB388A-2754-4DC6-8B79-0E20C03B4547}.Debug|iPhoneSimulator.Build.0 = Debug|iPhoneSimulator
		{C7BB388A-2754-4DC6-8B79-0E20C03B4547}.Debug|x64.ActiveCfg = Debug|iPhone
		{C7BB388A-2754-4DC6-8B79-0E20C03B4547}.Debug|x86.ActiveCfg = Debug|iPhone
		{C7BB388A-2754-4DC6-8B79-0E20C03B4547}.Release|Any CPU.ActiveCfg = Release|iPhone
		{C7BB388A-2754-4DC6-8B79-0E20C03B4547}.Release|ARM.ActiveCfg = Release|iPhone
		{C7BB388A-2754-4DC6-8B79-0E20C03B4547}.Release|iPhone.ActiveCfg = Release|iPhone
		{C7BB388A-2754-4DC6-8B79-0E20C03B4547}.Release|iPhone.Build.0 = Release|iPhone
		{C7BB388A-2754-4DC6-8B79-0E20C03B4547}.Release|iPhoneSimulator.ActiveCfg = Release|iPhoneSimulator
		{C7BB388A-2754-4DC6-8B79-0E20C03B4547}.Release|iPhoneSimulator.Build.0 = Release|iPhoneSimulator
		{C7BB388A-2754-4DC6-8B79-0E20C03B4547}.Release|x64.ActiveCfg = Release|iPhone
		{C7BB388A-2754-4DC6-8B79-0E20C03B4547}.Release|x86.ActiveCfg = Release|iPhone
		{0E1790FB-0DCB-4D7D-8A8D-2518F5B5A486}.Ad-Hoc|Any CPU.ActiveCfg = Release|Any CPU
		{0E1790FB-0DCB-4D7D-8A8D-2518F5B5A486}.Ad-Hoc|Any CPU.Build.0 = Release|Any CPU
		{0E1790FB-0DCB-4D7D-8A8D-2518F5B5A486}.Ad-Hoc|Any CPU.Deploy.0 = Release|Any CPU
		{0E1790FB-0DCB-4D7D-8A8D-2518F5B5A486}.Ad-Hoc|ARM.ActiveCfg = Release|ARM
		{0E1790FB-0DCB-4D7D-8A8D-2518F5B5A486}.Ad-Hoc|ARM.Build.0 = Release|ARM
		{0E1790FB-0DCB-4D7D-8A8D-2518F5B5A486}.Ad-Hoc|ARM.Deploy.0 = Release|ARM
		{0E1790FB-0DCB-4D7D-8A8D-2518F5B5A486}.Ad-Hoc|iPhone.ActiveCfg = Release|Any CPU
		{0E1790FB-0DCB-4D7D-8A8D-2518F5B5A486}.Ad-Hoc|iPhone.Build.0 = Release|Any CPU
		{0E1790FB-0DCB-4D7D-8A8D-2518F5B5A486}.Ad-Hoc|iPhone.Deploy.0 = Release|Any CPU
		{0E1790FB-0DCB-4D7D-8A8D-2518F5B5A486}.Ad-Hoc|iPhoneSimulator.ActiveCfg = Release|Any CPU
		{0E1790FB-0DCB-4D7D-8A8D-2518F5B5A486}.Ad-Hoc|iPhoneSimulator.Build.0 = Release|Any CPU
		{0E1790FB-0DCB-4D7D-8A8D-2518F5B5A486}.Ad-Hoc|iPhoneSimulator.Deploy.0 = Release|Any CPU
		{0E1790FB-0DCB-4D7D-8A8D-2518F5B5A486}.Ad-Hoc|x64.ActiveCfg = Release|Any CPU
		{0E1790FB-0DCB-4D7D-8A8D-2518F5B5A486}.Ad-Hoc|x64.Build.0 = Release|Any CPU
		{0E1790FB-0DCB-4D7D-8A8D-2518F5B5A486}.Ad-Hoc|x64.Deploy.0 = Release|Any CPU
		{0E1790FB-0DCB-4D7D-8A8D-2518F5B5A486}.Ad-Hoc|x86.ActiveCfg = Release|x86
		{0E1790FB-0DCB-4D7D-8A8D-2518F5B5A486}.Ad-Hoc|x86.Build.0 = Release|x86
		{0E1790FB-0DCB-4D7D-8A8D-2518F5B5A486}.Ad-Hoc|x86.Deploy.0 = Release|x86
		{0E1790FB-0DCB-4D7D-8A8D-2518F5B5A486}.AppStore|Any CPU.ActiveCfg = Release|Any CPU
		{0E1790FB-0DCB-4D7D-8A8D-2518F5B5A486}.AppStore|Any CPU.Build.0 = Release|Any CPU
		{0E1790FB-0DCB-4D7D-8A8D-2518F5B5A486}.AppStore|Any CPU.Deploy.0 = Release|Any CPU
		{0E1790FB-0DCB-4D7D-8A8D-2518F5B5A486}.AppStore|ARM.ActiveCfg = Release|ARM
		{0E1790FB-0DCB-4D7D-8A8D-2518F5B5A486}.AppStore|ARM.Build.0 = Release|ARM
		{0E1790FB-0DCB-4D7D-8A8D-2518F5B5A486}.AppStore|ARM.Deploy.0 = Release|ARM
		{0E1790FB-0DCB-4D7D-8A8D-2518F5B5A486}.AppStore|iPhone.ActiveCfg = Release|Any CPU
		{0E1790FB-0DCB-4D7D-8A8D-2518F5B5A486}.AppStore|iPhone.Build.0 = Release|Any CPU
		{0E1790FB-0DCB-4D7D-8A8D-2518F5B5A486}.AppStore|iPhone.Deploy.0 = Release|Any CPU
		{0E1790FB-0DCB-4D7D-8A8D-2518F5B5A486}.AppStore|iPhoneSimulator.ActiveCfg = Release|Any CPU
		{0E1790FB-0DCB-4D7D-8A8D-2518F5B5A486}.AppStore|iPhoneSimulator.Build.0 = Release|Any CPU
		{0E1790FB-0DCB-4D7D-8A8D-2518F5B5A486}.AppStore|iPhoneSimulator.Deploy.0 = Release|Any CPU
		{0E1790FB-0DCB-4D7D-8A8D-2518F5B5A486}.AppStore|x64.ActiveCfg = Release|Any CPU
		{0E1790FB-0DCB-4D7D-8A8D-2518F5B5A486}.AppStore|x64.Build.0 = Release|Any CPU
		{0E1790FB-0DCB-4D7D-8A8D-2518F5B5A486}.AppStore|x64.Deploy.0 = Release|Any CPU
		{0E1790FB-0DCB-4D7D-8A8D-2518F5B5A486}.AppStore|x86.ActiveCfg = Release|x86
		{0E1790FB-0DCB-4D7D-8A8D-2518F5B5A486}.AppStore|x86.Build.0 = Release|x86
		{0E1790FB-0DCB-4D7D-8A8D-2518F5B5A486}.AppStore|x86.Deploy.0 = Release|x86
		{0E1790FB-0DCB-4D7D-8A8D-2518F5B5A486}.Debug|Any CPU.ActiveCfg = Debug|Any CPU
		{0E1790FB-0DCB-4D7D-8A8D-2518F5B5A486}.Debug|Any CPU.Build.0 = Debug|Any CPU
		{0E1790FB-0DCB-4D7D-8A8D-2518F5B5A486}.Debug|Any CPU.Deploy.0 = Debug|Any CPU
		{0E1790FB-0DCB-4D7D-8A8D-2518F5B5A486}.Debug|ARM.ActiveCfg = Debug|ARM
		{0E1790FB-0DCB-4D7D-8A8D-2518F5B5A486}.Debug|ARM.Build.0 = Debug|ARM
		{0E1790FB-0DCB-4D7D-8A8D-2518F5B5A486}.Debug|ARM.Deploy.0 = Debug|ARM
		{0E1790FB-0DCB-4D7D-8A8D-2518F5B5A486}.Debug|iPhone.ActiveCfg = Debug|Any CPU
		{0E1790FB-0DCB-4D7D-8A8D-2518F5B5A486}.Debug|iPhone.Build.0 = Debug|Any CPU
		{0E1790FB-0DCB-4D7D-8A8D-2518F5B5A486}.Debug|iPhone.Deploy.0 = Debug|Any CPU
		{0E1790FB-0DCB-4D7D-8A8D-2518F5B5A486}.Debug|iPhoneSimulator.ActiveCfg = Debug|Any CPU
		{0E1790FB-0DCB-4D7D-8A8D-2518F5B5A486}.Debug|iPhoneSimulator.Build.0 = Debug|Any CPU
		{0E1790FB-0DCB-4D7D-8A8D-2518F5B5A486}.Debug|iPhoneSimulator.Deploy.0 = Debug|Any CPU
		{0E1790FB-0DCB-4D7D-8A8D-2518F5B5A486}.Debug|x64.ActiveCfg = Debug|Any CPU
		{0E1790FB-0DCB-4D7D-8A8D-2518F5B5A486}.Debug|x64.Build.0 = Debug|Any CPU
		{0E1790FB-0DCB-4D7D-8A8D-2518F5B5A486}.Debug|x64.Deploy.0 = Debug|Any CPU
		{0E1790FB-0DCB-4D7D-8A8D-2518F5B5A486}.Debug|x86.ActiveCfg = Debug|ARM
		{0E1790FB-0DCB-4D7D-8A8D-2518F5B5A486}.Debug|x86.Build.0 = Debug|ARM
		{0E1790FB-0DCB-4D7D-8A8D-2518F5B5A486}.Debug|x86.Deploy.0 = Debug|ARM
		{0E1790FB-0DCB-4D7D-8A8D-2518F5B5A486}.Release|Any CPU.ActiveCfg = Release|Any CPU
		{0E1790FB-0DCB-4D7D-8A8D-2518F5B5A486}.Release|Any CPU.Build.0 = Release|Any CPU
		{0E1790FB-0DCB-4D7D-8A8D-2518F5B5A486}.Release|Any CPU.Deploy.0 = Release|Any CPU
		{0E1790FB-0DCB-4D7D-8A8D-2518F5B5A486}.Release|ARM.ActiveCfg = Release|ARM
		{0E1790FB-0DCB-4D7D-8A8D-2518F5B5A486}.Release|ARM.Build.0 = Release|ARM
		{0E1790FB-0DCB-4D7D-8A8D-2518F5B5A486}.Release|ARM.Deploy.0 = Release|ARM
		{0E1790FB-0DCB-4D7D-8A8D-2518F5B5A486}.Release|iPhone.ActiveCfg = Release|Any CPU
		{0E1790FB-0DCB-4D7D-8A8D-2518F5B5A486}.Release|iPhone.Build.0 = Release|Any CPU
		{0E1790FB-0DCB-4D7D-8A8D-2518F5B5A486}.Release|iPhone.Deploy.0 = Release|Any CPU
		{0E1790FB-0DCB-4D7D-8A8D-2518F5B5A486}.Release|iPhoneSimulator.ActiveCfg = Release|Any CPU
		{0E1790FB-0DCB-4D7D-8A8D-2518F5B5A486}.Release|iPhoneSimulator.Build.0 = Release|Any CPU
		{0E1790FB-0DCB-4D7D-8A8D-2518F5B5A486}.Release|iPhoneSimulator.Deploy.0 = Release|Any CPU
		{0E1790FB-0DCB-4D7D-8A8D-2518F5B5A486}.Release|x64.ActiveCfg = Release|Any CPU
		{0E1790FB-0DCB-4D7D-8A8D-2518F5B5A486}.Release|x64.Build.0 = Release|Any CPU
		{0E1790FB-0DCB-4D7D-8A8D-2518F5B5A486}.Release|x64.Deploy.0 = Release|Any CPU
		{0E1790FB-0DCB-4D7D-8A8D-2518F5B5A486}.Release|x86.ActiveCfg = Release|x86
		{0E1790FB-0DCB-4D7D-8A8D-2518F5B5A486}.Release|x86.Build.0 = Release|x86
		{0E1790FB-0DCB-4D7D-8A8D-2518F5B5A486}.Release|x86.Deploy.0 = Release|x86
		{6315E38B-C7F2-4D68-B9FA-4EE3FF813263}.Ad-Hoc|Any CPU.ActiveCfg = Release|x86
		{6315E38B-C7F2-4D68-B9FA-4EE3FF813263}.Ad-Hoc|Any CPU.Build.0 = Release|x86
		{6315E38B-C7F2-4D68-B9FA-4EE3FF813263}.Ad-Hoc|Any CPU.Deploy.0 = Release|x86
		{6315E38B-C7F2-4D68-B9FA-4EE3FF813263}.Ad-Hoc|ARM.ActiveCfg = Release|ARM
		{6315E38B-C7F2-4D68-B9FA-4EE3FF813263}.Ad-Hoc|ARM.Build.0 = Release|ARM
		{6315E38B-C7F2-4D68-B9FA-4EE3FF813263}.Ad-Hoc|ARM.Deploy.0 = Release|ARM
		{6315E38B-C7F2-4D68-B9FA-4EE3FF813263}.Ad-Hoc|iPhone.ActiveCfg = Release|x86
		{6315E38B-C7F2-4D68-B9FA-4EE3FF813263}.Ad-Hoc|iPhone.Build.0 = Release|x86
		{6315E38B-C7F2-4D68-B9FA-4EE3FF813263}.Ad-Hoc|iPhone.Deploy.0 = Release|x86
		{6315E38B-C7F2-4D68-B9FA-4EE3FF813263}.Ad-Hoc|iPhoneSimulator.ActiveCfg = Release|x86
		{6315E38B-C7F2-4D68-B9FA-4EE3FF813263}.Ad-Hoc|iPhoneSimulator.Build.0 = Release|x86
		{6315E38B-C7F2-4D68-B9FA-4EE3FF813263}.Ad-Hoc|iPhoneSimulator.Deploy.0 = Release|x86
		{6315E38B-C7F2-4D68-B9FA-4EE3FF813263}.Ad-Hoc|x64.ActiveCfg = Release|x64
		{6315E38B-C7F2-4D68-B9FA-4EE3FF813263}.Ad-Hoc|x64.Build.0 = Release|x64
		{6315E38B-C7F2-4D68-B9FA-4EE3FF813263}.Ad-Hoc|x64.Deploy.0 = Release|x64
		{6315E38B-C7F2-4D68-B9FA-4EE3FF813263}.Ad-Hoc|x86.ActiveCfg = Release|x86
		{6315E38B-C7F2-4D68-B9FA-4EE3FF813263}.Ad-Hoc|x86.Build.0 = Release|x86
		{6315E38B-C7F2-4D68-B9FA-4EE3FF813263}.Ad-Hoc|x86.Deploy.0 = Release|x86
		{6315E38B-C7F2-4D68-B9FA-4EE3FF813263}.AppStore|Any CPU.ActiveCfg = Release|x86
		{6315E38B-C7F2-4D68-B9FA-4EE3FF813263}.AppStore|Any CPU.Build.0 = Release|x86
		{6315E38B-C7F2-4D68-B9FA-4EE3FF813263}.AppStore|Any CPU.Deploy.0 = Release|x86
		{6315E38B-C7F2-4D68-B9FA-4EE3FF813263}.AppStore|ARM.ActiveCfg = Release|ARM
		{6315E38B-C7F2-4D68-B9FA-4EE3FF813263}.AppStore|ARM.Build.0 = Release|ARM
		{6315E38B-C7F2-4D68-B9FA-4EE3FF813263}.AppStore|ARM.Deploy.0 = Release|ARM
		{6315E38B-C7F2-4D68-B9FA-4EE3FF813263}.AppStore|iPhone.ActiveCfg = Release|x86
		{6315E38B-C7F2-4D68-B9FA-4EE3FF813263}.AppStore|iPhone.Build.0 = Release|x86
		{6315E38B-C7F2-4D68-B9FA-4EE3FF813263}.AppStore|iPhone.Deploy.0 = Release|x86
		{6315E38B-C7F2-4D68-B9FA-4EE3FF813263}.AppStore|iPhoneSimulator.ActiveCfg = Release|x86
		{6315E38B-C7F2-4D68-B9FA-4EE3FF813263}.AppStore|iPhoneSimulator.Build.0 = Release|x86
		{6315E38B-C7F2-4D68-B9FA-4EE3FF813263}.AppStore|iPhoneSimulator.Deploy.0 = Release|x86
		{6315E38B-C7F2-4D68-B9FA-4EE3FF813263}.AppStore|x64.ActiveCfg = Release|x64
		{6315E38B-C7F2-4D68-B9FA-4EE3FF813263}.AppStore|x64.Build.0 = Release|x64
		{6315E38B-C7F2-4D68-B9FA-4EE3FF813263}.AppStore|x64.Deploy.0 = Release|x64
		{6315E38B-C7F2-4D68-B9FA-4EE3FF813263}.AppStore|x86.ActiveCfg = Release|x86
		{6315E38B-C7F2-4D68-B9FA-4EE3FF813263}.AppStore|x86.Build.0 = Release|x86
		{6315E38B-C7F2-4D68-B9FA-4EE3FF813263}.AppStore|x86.Deploy.0 = Release|x86
		{6315E38B-C7F2-4D68-B9FA-4EE3FF813263}.Debug|Any CPU.ActiveCfg = Debug|x86
		{6315E38B-C7F2-4D68-B9FA-4EE3FF813263}.Debug|Any CPU.Build.0 = Debug|x86
		{6315E38B-C7F2-4D68-B9FA-4EE3FF813263}.Debug|Any CPU.Deploy.0 = Debug|x86
		{6315E38B-C7F2-4D68-B9FA-4EE3FF813263}.Debug|ARM.ActiveCfg = Debug|ARM
		{6315E38B-C7F2-4D68-B9FA-4EE3FF813263}.Debug|ARM.Build.0 = Debug|ARM
		{6315E38B-C7F2-4D68-B9FA-4EE3FF813263}.Debug|ARM.Deploy.0 = Debug|ARM
		{6315E38B-C7F2-4D68-B9FA-4EE3FF813263}.Debug|iPhone.ActiveCfg = Debug|x86
		{6315E38B-C7F2-4D68-B9FA-4EE3FF813263}.Debug|iPhoneSimulator.ActiveCfg = Debug|x86
		{6315E38B-C7F2-4D68-B9FA-4EE3FF813263}.Debug|x64.ActiveCfg = Debug|x64
		{6315E38B-C7F2-4D68-B9FA-4EE3FF813263}.Debug|x64.Build.0 = Debug|x64
		{6315E38B-C7F2-4D68-B9FA-4EE3FF813263}.Debug|x64.Deploy.0 = Debug|x64
		{6315E38B-C7F2-4D68-B9FA-4EE3FF813263}.Debug|x86.ActiveCfg = Debug|x86
		{6315E38B-C7F2-4D68-B9FA-4EE3FF813263}.Debug|x86.Build.0 = Debug|x86
		{6315E38B-C7F2-4D68-B9FA-4EE3FF813263}.Debug|x86.Deploy.0 = Debug|x86
		{6315E38B-C7F2-4D68-B9FA-4EE3FF813263}.Release|Any CPU.ActiveCfg = Release|x86
		{6315E38B-C7F2-4D68-B9FA-4EE3FF813263}.Release|ARM.ActiveCfg = Release|ARM
		{6315E38B-C7F2-4D68-B9FA-4EE3FF813263}.Release|ARM.Build.0 = Release|ARM
		{6315E38B-C7F2-4D68-B9FA-4EE3FF813263}.Release|ARM.Deploy.0 = Release|ARM
		{6315E38B-C7F2-4D68-B9FA-4EE3FF813263}.Release|iPhone.ActiveCfg = Release|x86
		{6315E38B-C7F2-4D68-B9FA-4EE3FF813263}.Release|iPhoneSimulator.ActiveCfg = Release|x86
		{6315E38B-C7F2-4D68-B9FA-4EE3FF813263}.Release|x64.ActiveCfg = Release|x64
		{6315E38B-C7F2-4D68-B9FA-4EE3FF813263}.Release|x64.Build.0 = Release|x64
		{6315E38B-C7F2-4D68-B9FA-4EE3FF813263}.Release|x64.Deploy.0 = Release|x64
		{6315E38B-C7F2-4D68-B9FA-4EE3FF813263}.Release|x86.ActiveCfg = Release|x86
		{6315E38B-C7F2-4D68-B9FA-4EE3FF813263}.Release|x86.Build.0 = Release|x86
		{6315E38B-C7F2-4D68-B9FA-4EE3FF813263}.Release|x86.Deploy.0 = Release|x86
		{6036666D-C29C-40F9-90E5-C0CC5C8EEE39}.Ad-Hoc|Any CPU.ActiveCfg = Release|Any CPU
		{6036666D-C29C-40F9-90E5-C0CC5C8EEE39}.Ad-Hoc|Any CPU.Build.0 = Release|Any CPU
		{6036666D-C29C-40F9-90E5-C0CC5C8EEE39}.Ad-Hoc|Any CPU.Deploy.0 = Release|Any CPU
		{6036666D-C29C-40F9-90E5-C0CC5C8EEE39}.Ad-Hoc|ARM.ActiveCfg = Release|ARM
		{6036666D-C29C-40F9-90E5-C0CC5C8EEE39}.Ad-Hoc|ARM.Build.0 = Release|ARM
		{6036666D-C29C-40F9-90E5-C0CC5C8EEE39}.Ad-Hoc|ARM.Deploy.0 = Release|ARM
		{6036666D-C29C-40F9-90E5-C0CC5C8EEE39}.Ad-Hoc|iPhone.ActiveCfg = Release|Any CPU
		{6036666D-C29C-40F9-90E5-C0CC5C8EEE39}.Ad-Hoc|iPhone.Build.0 = Release|Any CPU
		{6036666D-C29C-40F9-90E5-C0CC5C8EEE39}.Ad-Hoc|iPhone.Deploy.0 = Release|Any CPU
		{6036666D-C29C-40F9-90E5-C0CC5C8EEE39}.Ad-Hoc|iPhoneSimulator.ActiveCfg = Release|Any CPU
		{6036666D-C29C-40F9-90E5-C0CC5C8EEE39}.Ad-Hoc|iPhoneSimulator.Build.0 = Release|Any CPU
		{6036666D-C29C-40F9-90E5-C0CC5C8EEE39}.Ad-Hoc|iPhoneSimulator.Deploy.0 = Release|Any CPU
		{6036666D-C29C-40F9-90E5-C0CC5C8EEE39}.Ad-Hoc|x64.ActiveCfg = Release|x64
		{6036666D-C29C-40F9-90E5-C0CC5C8EEE39}.Ad-Hoc|x64.Build.0 = Release|x64
		{6036666D-C29C-40F9-90E5-C0CC5C8EEE39}.Ad-Hoc|x64.Deploy.0 = Release|x64
		{6036666D-C29C-40F9-90E5-C0CC5C8EEE39}.Ad-Hoc|x86.ActiveCfg = Release|x86
		{6036666D-C29C-40F9-90E5-C0CC5C8EEE39}.Ad-Hoc|x86.Build.0 = Release|x86
		{6036666D-C29C-40F9-90E5-C0CC5C8EEE39}.Ad-Hoc|x86.Deploy.0 = Release|x86
		{6036666D-C29C-40F9-90E5-C0CC5C8EEE39}.AppStore|Any CPU.ActiveCfg = Release|Any CPU
		{6036666D-C29C-40F9-90E5-C0CC5C8EEE39}.AppStore|Any CPU.Build.0 = Release|Any CPU
		{6036666D-C29C-40F9-90E5-C0CC5C8EEE39}.AppStore|Any CPU.Deploy.0 = Release|Any CPU
		{6036666D-C29C-40F9-90E5-C0CC5C8EEE39}.AppStore|ARM.ActiveCfg = Release|ARM
		{6036666D-C29C-40F9-90E5-C0CC5C8EEE39}.AppStore|ARM.Build.0 = Release|ARM
		{6036666D-C29C-40F9-90E5-C0CC5C8EEE39}.AppStore|ARM.Deploy.0 = Release|ARM
		{6036666D-C29C-40F9-90E5-C0CC5C8EEE39}.AppStore|iPhone.ActiveCfg = Release|Any CPU
		{6036666D-C29C-40F9-90E5-C0CC5C8EEE39}.AppStore|iPhone.Build.0 = Release|Any CPU
		{6036666D-C29C-40F9-90E5-C0CC5C8EEE39}.AppStore|iPhone.Deploy.0 = Release|Any CPU
		{6036666D-C29C-40F9-90E5-C0CC5C8EEE39}.AppStore|iPhoneSimulator.ActiveCfg = Release|Any CPU
		{6036666D-C29C-40F9-90E5-C0CC5C8EEE39}.AppStore|iPhoneSimulator.Build.0 = Release|Any CPU
		{6036666D-C29C-40F9-90E5-C0CC5C8EEE39}.AppStore|iPhoneSimulator.Deploy.0 = Release|Any CPU
		{6036666D-C29C-40F9-90E5-C0CC5C8EEE39}.AppStore|x64.ActiveCfg = Release|x64
		{6036666D-C29C-40F9-90E5-C0CC5C8EEE39}.AppStore|x64.Build.0 = Release|x64
		{6036666D-C29C-40F9-90E5-C0CC5C8EEE39}.AppStore|x64.Deploy.0 = Release|x64
		{6036666D-C29C-40F9-90E5-C0CC5C8EEE39}.AppStore|x86.ActiveCfg = Release|x86
		{6036666D-C29C-40F9-90E5-C0CC5C8EEE39}.AppStore|x86.Build.0 = Release|x86
		{6036666D-C29C-40F9-90E5-C0CC5C8EEE39}.AppStore|x86.Deploy.0 = Release|x86
		{6036666D-C29C-40F9-90E5-C0CC5C8EEE39}.Debug|Any CPU.ActiveCfg = Debug|Any CPU
		{6036666D-C29C-40F9-90E5-C0CC5C8EEE39}.Debug|Any CPU.Build.0 = Debug|Any CPU
		{6036666D-C29C-40F9-90E5-C0CC5C8EEE39}.Debug|Any CPU.Deploy.0 = Debug|Any CPU
		{6036666D-C29C-40F9-90E5-C0CC5C8EEE39}.Debug|ARM.ActiveCfg = Debug|ARM
		{6036666D-C29C-40F9-90E5-C0CC5C8EEE39}.Debug|ARM.Build.0 = Debug|ARM
		{6036666D-C29C-40F9-90E5-C0CC5C8EEE39}.Debug|ARM.Deploy.0 = Debug|ARM
		{6036666D-C29C-40F9-90E5-C0CC5C8EEE39}.Debug|iPhone.ActiveCfg = Debug|Any CPU
		{6036666D-C29C-40F9-90E5-C0CC5C8EEE39}.Debug|iPhone.Build.0 = Debug|Any CPU
		{6036666D-C29C-40F9-90E5-C0CC5C8EEE39}.Debug|iPhone.Deploy.0 = Debug|Any CPU
		{6036666D-C29C-40F9-90E5-C0CC5C8EEE39}.Debug|iPhoneSimulator.ActiveCfg = Debug|Any CPU
		{6036666D-C29C-40F9-90E5-C0CC5C8EEE39}.Debug|iPhoneSimulator.Build.0 = Debug|Any CPU
		{6036666D-C29C-40F9-90E5-C0CC5C8EEE39}.Debug|iPhoneSimulator.Deploy.0 = Debug|Any CPU
		{6036666D-C29C-40F9-90E5-C0CC5C8EEE39}.Debug|x64.ActiveCfg = Debug|x64
		{6036666D-C29C-40F9-90E5-C0CC5C8EEE39}.Debug|x64.Build.0 = Debug|x64
		{6036666D-C29C-40F9-90E5-C0CC5C8EEE39}.Debug|x64.Deploy.0 = Debug|x64
		{6036666D-C29C-40F9-90E5-C0CC5C8EEE39}.Debug|x86.ActiveCfg = Debug|x86
		{6036666D-C29C-40F9-90E5-C0CC5C8EEE39}.Debug|x86.Build.0 = Debug|x86
		{6036666D-C29C-40F9-90E5-C0CC5C8EEE39}.Debug|x86.Deploy.0 = Debug|x86
		{6036666D-C29C-40F9-90E5-C0CC5C8EEE39}.Release|Any CPU.ActiveCfg = Release|Any CPU
		{6036666D-C29C-40F9-90E5-C0CC5C8EEE39}.Release|Any CPU.Build.0 = Release|Any CPU
		{6036666D-C29C-40F9-90E5-C0CC5C8EEE39}.Release|Any CPU.Deploy.0 = Release|Any CPU
		{6036666D-C29C-40F9-90E5-C0CC5C8EEE39}.Release|ARM.ActiveCfg = Release|ARM
		{6036666D-C29C-40F9-90E5-C0CC5C8EEE39}.Release|ARM.Build.0 = Release|ARM
		{6036666D-C29C-40F9-90E5-C0CC5C8EEE39}.Release|ARM.Deploy.0 = Release|ARM
		{6036666D-C29C-40F9-90E5-C0CC5C8EEE39}.Release|iPhone.ActiveCfg = Release|Any CPU
		{6036666D-C29C-40F9-90E5-C0CC5C8EEE39}.Release|iPhone.Build.0 = Release|Any CPU
		{6036666D-C29C-40F9-90E5-C0CC5C8EEE39}.Release|iPhone.Deploy.0 = Release|Any CPU
		{6036666D-C29C-40F9-90E5-C0CC5C8EEE39}.Release|iPhoneSimulator.ActiveCfg = Release|Any CPU
		{6036666D-C29C-40F9-90E5-C0CC5C8EEE39}.Release|iPhoneSimulator.Build.0 = Release|Any CPU
		{6036666D-C29C-40F9-90E5-C0CC5C8EEE39}.Release|iPhoneSimulator.Deploy.0 = Release|Any CPU
		{6036666D-C29C-40F9-90E5-C0CC5C8EEE39}.Release|x64.ActiveCfg = Release|x64
		{6036666D-C29C-40F9-90E5-C0CC5C8EEE39}.Release|x64.Build.0 = Release|x64
		{6036666D-C29C-40F9-90E5-C0CC5C8EEE39}.Release|x64.Deploy.0 = Release|x64
		{6036666D-C29C-40F9-90E5-C0CC5C8EEE39}.Release|x86.ActiveCfg = Release|x86
		{6036666D-C29C-40F9-90E5-C0CC5C8EEE39}.Release|x86.Build.0 = Release|x86
		{6036666D-C29C-40F9-90E5-C0CC5C8EEE39}.Release|x86.Deploy.0 = Release|x86
		{DCC31F59-BD19-4E1A-9C52-E7A90C9DC62E}.Ad-Hoc|Any CPU.ActiveCfg = Release|Any CPU
		{DCC31F59-BD19-4E1A-9C52-E7A90C9DC62E}.Ad-Hoc|Any CPU.Build.0 = Release|Any CPU
		{DCC31F59-BD19-4E1A-9C52-E7A90C9DC62E}.Ad-Hoc|ARM.ActiveCfg = Release|Any CPU
		{DCC31F59-BD19-4E1A-9C52-E7A90C9DC62E}.Ad-Hoc|ARM.Build.0 = Release|Any CPU
		{DCC31F59-BD19-4E1A-9C52-E7A90C9DC62E}.Ad-Hoc|iPhone.ActiveCfg = Release|Any CPU
		{DCC31F59-BD19-4E1A-9C52-E7A90C9DC62E}.Ad-Hoc|iPhone.Build.0 = Release|Any CPU
		{DCC31F59-BD19-4E1A-9C52-E7A90C9DC62E}.Ad-Hoc|iPhoneSimulator.ActiveCfg = Release|Any CPU
		{DCC31F59-BD19-4E1A-9C52-E7A90C9DC62E}.Ad-Hoc|iPhoneSimulator.Build.0 = Release|Any CPU
		{DCC31F59-BD19-4E1A-9C52-E7A90C9DC62E}.Ad-Hoc|x64.ActiveCfg = Release|Any CPU
		{DCC31F59-BD19-4E1A-9C52-E7A90C9DC62E}.Ad-Hoc|x64.Build.0 = Release|Any CPU
		{DCC31F59-BD19-4E1A-9C52-E7A90C9DC62E}.Ad-Hoc|x86.ActiveCfg = Release|Any CPU
		{DCC31F59-BD19-4E1A-9C52-E7A90C9DC62E}.Ad-Hoc|x86.Build.0 = Release|Any CPU
		{DCC31F59-BD19-4E1A-9C52-E7A90C9DC62E}.AppStore|Any CPU.ActiveCfg = Release|Any CPU
		{DCC31F59-BD19-4E1A-9C52-E7A90C9DC62E}.AppStore|Any CPU.Build.0 = Release|Any CPU
		{DCC31F59-BD19-4E1A-9C52-E7A90C9DC62E}.AppStore|ARM.ActiveCfg = Release|Any CPU
		{DCC31F59-BD19-4E1A-9C52-E7A90C9DC62E}.AppStore|ARM.Build.0 = Release|Any CPU
		{DCC31F59-BD19-4E1A-9C52-E7A90C9DC62E}.AppStore|iPhone.ActiveCfg = Release|Any CPU
		{DCC31F59-BD19-4E1A-9C52-E7A90C9DC62E}.AppStore|iPhone.Build.0 = Release|Any CPU
		{DCC31F59-BD19-4E1A-9C52-E7A90C9DC62E}.AppStore|iPhoneSimulator.ActiveCfg = Release|Any CPU
		{DCC31F59-BD19-4E1A-9C52-E7A90C9DC62E}.AppStore|iPhoneSimulator.Build.0 = Release|Any CPU
		{DCC31F59-BD19-4E1A-9C52-E7A90C9DC62E}.AppStore|x64.ActiveCfg = Release|Any CPU
		{DCC31F59-BD19-4E1A-9C52-E7A90C9DC62E}.AppStore|x64.Build.0 = Release|Any CPU
		{DCC31F59-BD19-4E1A-9C52-E7A90C9DC62E}.AppStore|x86.ActiveCfg = Release|Any CPU
		{DCC31F59-BD19-4E1A-9C52-E7A90C9DC62E}.AppStore|x86.Build.0 = Release|Any CPU
		{DCC31F59-BD19-4E1A-9C52-E7A90C9DC62E}.Debug|Any CPU.ActiveCfg = Debug|Any CPU
		{DCC31F59-BD19-4E1A-9C52-E7A90C9DC62E}.Debug|Any CPU.Build.0 = Debug|Any CPU
		{DCC31F59-BD19-4E1A-9C52-E7A90C9DC62E}.Debug|ARM.ActiveCfg = Debug|Any CPU
		{DCC31F59-BD19-4E1A-9C52-E7A90C9DC62E}.Debug|ARM.Build.0 = Debug|Any CPU
		{DCC31F59-BD19-4E1A-9C52-E7A90C9DC62E}.Debug|iPhone.ActiveCfg = Debug|Any CPU
		{DCC31F59-BD19-4E1A-9C52-E7A90C9DC62E}.Debug|iPhone.Build.0 = Debug|Any CPU
		{DCC31F59-BD19-4E1A-9C52-E7A90C9DC62E}.Debug|iPhoneSimulator.ActiveCfg = Debug|Any CPU
		{DCC31F59-BD19-4E1A-9C52-E7A90C9DC62E}.Debug|iPhoneSimulator.Build.0 = Debug|Any CPU
		{DCC31F59-BD19-4E1A-9C52-E7A90C9DC62E}.Debug|x64.ActiveCfg = Debug|Any CPU
		{DCC31F59-BD19-4E1A-9C52-E7A90C9DC62E}.Debug|x64.Build.0 = Debug|Any CPU
		{DCC31F59-BD19-4E1A-9C52-E7A90C9DC62E}.Debug|x86.ActiveCfg = Debug|Any CPU
		{DCC31F59-BD19-4E1A-9C52-E7A90C9DC62E}.Debug|x86.Build.0 = Debug|Any CPU
		{DCC31F59-BD19-4E1A-9C52-E7A90C9DC62E}.Release|Any CPU.ActiveCfg = Release|Any CPU
		{DCC31F59-BD19-4E1A-9C52-E7A90C9DC62E}.Release|Any CPU.Build.0 = Release|Any CPU
		{DCC31F59-BD19-4E1A-9C52-E7A90C9DC62E}.Release|ARM.ActiveCfg = Release|Any CPU
		{DCC31F59-BD19-4E1A-9C52-E7A90C9DC62E}.Release|ARM.Build.0 = Release|Any CPU
		{DCC31F59-BD19-4E1A-9C52-E7A90C9DC62E}.Release|iPhone.ActiveCfg = Release|Any CPU
		{DCC31F59-BD19-4E1A-9C52-E7A90C9DC62E}.Release|iPhone.Build.0 = Release|Any CPU
		{DCC31F59-BD19-4E1A-9C52-E7A90C9DC62E}.Release|iPhoneSimulator.ActiveCfg = Release|Any CPU
		{DCC31F59-BD19-4E1A-9C52-E7A90C9DC62E}.Release|iPhoneSimulator.Build.0 = Release|Any CPU
		{DCC31F59-BD19-4E1A-9C52-E7A90C9DC62E}.Release|x64.ActiveCfg = Release|Any CPU
		{DCC31F59-BD19-4E1A-9C52-E7A90C9DC62E}.Release|x64.Build.0 = Release|Any CPU
		{DCC31F59-BD19-4E1A-9C52-E7A90C9DC62E}.Release|x86.ActiveCfg = Release|Any CPU
		{DCC31F59-BD19-4E1A-9C52-E7A90C9DC62E}.Release|x86.Build.0 = Release|Any CPU
		{CA8ACD6C-F411-4F7C-BC2A-C9B7E26AD9CF}.Ad-Hoc|Any CPU.ActiveCfg = Release|Any CPU
		{CA8ACD6C-F411-4F7C-BC2A-C9B7E26AD9CF}.Ad-Hoc|Any CPU.Build.0 = Release|Any CPU
		{CA8ACD6C-F411-4F7C-BC2A-C9B7E26AD9CF}.Ad-Hoc|ARM.ActiveCfg = Release|Any CPU
		{CA8ACD6C-F411-4F7C-BC2A-C9B7E26AD9CF}.Ad-Hoc|ARM.Build.0 = Release|Any CPU
		{CA8ACD6C-F411-4F7C-BC2A-C9B7E26AD9CF}.Ad-Hoc|iPhone.ActiveCfg = Release|Any CPU
		{CA8ACD6C-F411-4F7C-BC2A-C9B7E26AD9CF}.Ad-Hoc|iPhone.Build.0 = Release|Any CPU
		{CA8ACD6C-F411-4F7C-BC2A-C9B7E26AD9CF}.Ad-Hoc|iPhoneSimulator.ActiveCfg = Release|Any CPU
		{CA8ACD6C-F411-4F7C-BC2A-C9B7E26AD9CF}.Ad-Hoc|iPhoneSimulator.Build.0 = Release|Any CPU
		{CA8ACD6C-F411-4F7C-BC2A-C9B7E26AD9CF}.Ad-Hoc|x64.ActiveCfg = Release|Any CPU
		{CA8ACD6C-F411-4F7C-BC2A-C9B7E26AD9CF}.Ad-Hoc|x64.Build.0 = Release|Any CPU
		{CA8ACD6C-F411-4F7C-BC2A-C9B7E26AD9CF}.Ad-Hoc|x86.ActiveCfg = Release|Any CPU
		{CA8ACD6C-F411-4F7C-BC2A-C9B7E26AD9CF}.Ad-Hoc|x86.Build.0 = Release|Any CPU
		{CA8ACD6C-F411-4F7C-BC2A-C9B7E26AD9CF}.AppStore|Any CPU.ActiveCfg = Release|Any CPU
		{CA8ACD6C-F411-4F7C-BC2A-C9B7E26AD9CF}.AppStore|Any CPU.Build.0 = Release|Any CPU
		{CA8ACD6C-F411-4F7C-BC2A-C9B7E26AD9CF}.AppStore|ARM.ActiveCfg = Release|Any CPU
		{CA8ACD6C-F411-4F7C-BC2A-C9B7E26AD9CF}.AppStore|ARM.Build.0 = Release|Any CPU
		{CA8ACD6C-F411-4F7C-BC2A-C9B7E26AD9CF}.AppStore|iPhone.ActiveCfg = Release|Any CPU
		{CA8ACD6C-F411-4F7C-BC2A-C9B7E26AD9CF}.AppStore|iPhone.Build.0 = Release|Any CPU
		{CA8ACD6C-F411-4F7C-BC2A-C9B7E26AD9CF}.AppStore|iPhoneSimulator.ActiveCfg = Release|Any CPU
		{CA8ACD6C-F411-4F7C-BC2A-C9B7E26AD9CF}.AppStore|iPhoneSimulator.Build.0 = Release|Any CPU
		{CA8ACD6C-F411-4F7C-BC2A-C9B7E26AD9CF}.AppStore|x64.ActiveCfg = Release|Any CPU
		{CA8ACD6C-F411-4F7C-BC2A-C9B7E26AD9CF}.AppStore|x64.Build.0 = Release|Any CPU
		{CA8ACD6C-F411-4F7C-BC2A-C9B7E26AD9CF}.AppStore|x86.ActiveCfg = Release|Any CPU
		{CA8ACD6C-F411-4F7C-BC2A-C9B7E26AD9CF}.AppStore|x86.Build.0 = Release|Any CPU
		{CA8ACD6C-F411-4F7C-BC2A-C9B7E26AD9CF}.Debug|Any CPU.ActiveCfg = Debug|Any CPU
		{CA8ACD6C-F411-4F7C-BC2A-C9B7E26AD9CF}.Debug|Any CPU.Build.0 = Debug|Any CPU
		{CA8ACD6C-F411-4F7C-BC2A-C9B7E26AD9CF}.Debug|ARM.ActiveCfg = Debug|Any CPU
		{CA8ACD6C-F411-4F7C-BC2A-C9B7E26AD9CF}.Debug|ARM.Build.0 = Debug|Any CPU
		{CA8ACD6C-F411-4F7C-BC2A-C9B7E26AD9CF}.Debug|iPhone.ActiveCfg = Debug|Any CPU
		{CA8ACD6C-F411-4F7C-BC2A-C9B7E26AD9CF}.Debug|iPhone.Build.0 = Debug|Any CPU
		{CA8ACD6C-F411-4F7C-BC2A-C9B7E26AD9CF}.Debug|iPhoneSimulator.ActiveCfg = Debug|Any CPU
		{CA8ACD6C-F411-4F7C-BC2A-C9B7E26AD9CF}.Debug|iPhoneSimulator.Build.0 = Debug|Any CPU
		{CA8ACD6C-F411-4F7C-BC2A-C9B7E26AD9CF}.Debug|x64.ActiveCfg = Debug|Any CPU
		{CA8ACD6C-F411-4F7C-BC2A-C9B7E26AD9CF}.Debug|x64.Build.0 = Debug|Any CPU
		{CA8ACD6C-F411-4F7C-BC2A-C9B7E26AD9CF}.Debug|x86.ActiveCfg = Debug|Any CPU
		{CA8ACD6C-F411-4F7C-BC2A-C9B7E26AD9CF}.Debug|x86.Build.0 = Debug|Any CPU
		{CA8ACD6C-F411-4F7C-BC2A-C9B7E26AD9CF}.Release|Any CPU.ActiveCfg = Release|Any CPU
		{CA8ACD6C-F411-4F7C-BC2A-C9B7E26AD9CF}.Release|Any CPU.Build.0 = Release|Any CPU
		{CA8ACD6C-F411-4F7C-BC2A-C9B7E26AD9CF}.Release|ARM.ActiveCfg = Release|Any CPU
		{CA8ACD6C-F411-4F7C-BC2A-C9B7E26AD9CF}.Release|ARM.Build.0 = Release|Any CPU
		{CA8ACD6C-F411-4F7C-BC2A-C9B7E26AD9CF}.Release|iPhone.ActiveCfg = Release|Any CPU
		{CA8ACD6C-F411-4F7C-BC2A-C9B7E26AD9CF}.Release|iPhone.Build.0 = Release|Any CPU
		{CA8ACD6C-F411-4F7C-BC2A-C9B7E26AD9CF}.Release|iPhoneSimulator.ActiveCfg = Release|Any CPU
		{CA8ACD6C-F411-4F7C-BC2A-C9B7E26AD9CF}.Release|iPhoneSimulator.Build.0 = Release|Any CPU
		{CA8ACD6C-F411-4F7C-BC2A-C9B7E26AD9CF}.Release|x64.ActiveCfg = Release|Any CPU
		{CA8ACD6C-F411-4F7C-BC2A-C9B7E26AD9CF}.Release|x64.Build.0 = Release|Any CPU
		{CA8ACD6C-F411-4F7C-BC2A-C9B7E26AD9CF}.Release|x86.ActiveCfg = Release|Any CPU
		{CA8ACD6C-F411-4F7C-BC2A-C9B7E26AD9CF}.Release|x86.Build.0 = Release|Any CPU
	EndGlobalSection
	GlobalSection(SolutionProperties) = preSolution
		HideSolutionNode = FALSE
	EndGlobalSection
	GlobalSection(NestedProjects) = preSolution
		{AC7CED37-C4EB-4675-A6CB-3B269D182205} = {D2562A67-AEDB-4847-8D11-97E551A1C694}
		{CA8ACD6C-F411-4F7C-BC2A-C9B7E26AD9CF} = {FA1DE470-A0D1-4D7E-A8F9-C69C4D1A8726}
	EndGlobalSection
EndGlobal
