
Microsoft Visual Studio Solution File, Format Version 12.00
# Visual Studio 14
VisualStudioVersion = 14.0.25123.0
MinimumVisualStudioVersion = 10.0.40219.1
Project("{FAE04EC0-301F-11D3-BF4B-00C04F79EFBC}") = "Beatshake.Droid", "Beatshake\Beatshake.Droid\Beatshake.Droid.csproj", "{6BEF74F1-CF71-4BC0-B406-0F3DFB631F16}"
EndProject
Project("{FAE04EC0-301F-11D3-BF4B-00C04F79EFBC}") = "Beatshake.iOS", "Beatshake\Beatshake.iOS\Beatshake.iOS.csproj", "{AE190C83-9187-4502-AE8A-00BE42E80439}"
EndProject
Project("{FAE04EC0-301F-11D3-BF4B-00C04F79EFBC}") = "Beatshake.WinPhone", "Beatshake\Beatshake.WinPhone\Beatshake.WinPhone.csproj", "{940E1895-A260-4EBF-A3D1-E704B15EE1A3}"
EndProject
Project("{FAE04EC0-301F-11D3-BF4B-00C04F79EFBC}") = "Beatshake.UWP", "Beatshake\Beatshake.UWP\Beatshake.UWP.csproj", "{F1848518-1BE3-4BA4-AF6C-8BBA96949E21}"
EndProject
Project("{FAE04EC0-301F-11D3-BF4B-00C04F79EFBC}") = "Beatshake.Windows", "Beatshake\Beatshake.Windows\Beatshake.Windows.csproj", "{CA70B6AE-9CAF-4104-A121-3E1F0F69946C}"
EndProject
Project("{FAE04EC0-301F-11D3-BF4B-00C04F79EFBC}") = "Beatshake", "Beatshake\Beatshake\Beatshake.csproj", "{99AEC96C-09F0-4298-9549-AC6648B2903A}"
EndProject
Global
	GlobalSection(SolutionConfigurationPlatforms) = preSolution
		Ad-Hoc|Any CPU = Ad-Hoc|Any CPU
		Ad-Hoc|ARM = Ad-Hoc|ARM
		Ad-Hoc|iPhone = Ad-Hoc|iPhone
		Ad-Hoc|iPhoneSimulator = Ad-Hoc|iPhoneSimulator
		Ad-Hoc|x64 = Ad-Hoc|x64
		Ad-Hoc|x86 = Ad-Hoc|x86
		AppStore|Any CPU = AppStore|Any CPU
		AppStore|ARM = AppStore|ARM
		AppStore|iPhone = AppStore|iPhone
		AppStore|iPhoneSimulator = AppStore|iPhoneSimulator
		AppStore|x64 = AppStore|x64
		AppStore|x86 = AppStore|x86
		Debug|Any CPU = Debug|Any CPU
		Debug|ARM = Debug|ARM
		Debug|iPhone = Debug|iPhone
		Debug|iPhoneSimulator = Debug|iPhoneSimulator
		Debug|x64 = Debug|x64
		Debug|x86 = Debug|x86
		Release|Any CPU = Release|Any CPU
		Release|ARM = Release|ARM
		Release|iPhone = Release|iPhone
		Release|iPhoneSimulator = Release|iPhoneSimulator
		Release|x64 = Release|x64
		Release|x86 = Release|x86
	EndGlobalSection
	GlobalSection(ProjectConfigurationPlatforms) = postSolution
		{6BEF74F1-CF71-4BC0-B406-0F3DFB631F16}.Ad-Hoc|Any CPU.ActiveCfg = Release|Any CPU
		{6BEF74F1-CF71-4BC0-B406-0F3DFB631F16}.Ad-Hoc|Any CPU.Build.0 = Release|Any CPU
		{6BEF74F1-CF71-4BC0-B406-0F3DFB631F16}.Ad-Hoc|Any CPU.Deploy.0 = Release|Any CPU
		{6BEF74F1-CF71-4BC0-B406-0F3DFB631F16}.Ad-Hoc|ARM.ActiveCfg = Release|Any CPU
		{6BEF74F1-CF71-4BC0-B406-0F3DFB631F16}.Ad-Hoc|ARM.Build.0 = Release|Any CPU
		{6BEF74F1-CF71-4BC0-B406-0F3DFB631F16}.Ad-Hoc|ARM.Deploy.0 = Release|Any CPU
		{6BEF74F1-CF71-4BC0-B406-0F3DFB631F16}.Ad-Hoc|iPhone.ActiveCfg = Release|Any CPU
		{6BEF74F1-CF71-4BC0-B406-0F3DFB631F16}.Ad-Hoc|iPhone.Build.0 = Release|Any CPU
		{6BEF74F1-CF71-4BC0-B406-0F3DFB631F16}.Ad-Hoc|iPhone.Deploy.0 = Release|Any CPU
		{6BEF74F1-CF71-4BC0-B406-0F3DFB631F16}.Ad-Hoc|iPhoneSimulator.ActiveCfg = Release|Any CPU
		{6BEF74F1-CF71-4BC0-B406-0F3DFB631F16}.Ad-Hoc|iPhoneSimulator.Build.0 = Release|Any CPU
		{6BEF74F1-CF71-4BC0-B406-0F3DFB631F16}.Ad-Hoc|iPhoneSimulator.Deploy.0 = Release|Any CPU
		{6BEF74F1-CF71-4BC0-B406-0F3DFB631F16}.Ad-Hoc|x64.ActiveCfg = Release|Any CPU
		{6BEF74F1-CF71-4BC0-B406-0F3DFB631F16}.Ad-Hoc|x64.Build.0 = Release|Any CPU
		{6BEF74F1-CF71-4BC0-B406-0F3DFB631F16}.Ad-Hoc|x64.Deploy.0 = Release|Any CPU
		{6BEF74F1-CF71-4BC0-B406-0F3DFB631F16}.Ad-Hoc|x86.ActiveCfg = Release|Any CPU
		{6BEF74F1-CF71-4BC0-B406-0F3DFB631F16}.Ad-Hoc|x86.Build.0 = Release|Any CPU
		{6BEF74F1-CF71-4BC0-B406-0F3DFB631F16}.Ad-Hoc|x86.Deploy.0 = Release|Any CPU
		{6BEF74F1-CF71-4BC0-B406-0F3DFB631F16}.AppStore|Any CPU.ActiveCfg = Release|Any CPU
		{6BEF74F1-CF71-4BC0-B406-0F3DFB631F16}.AppStore|Any CPU.Build.0 = Release|Any CPU
		{6BEF74F1-CF71-4BC0-B406-0F3DFB631F16}.AppStore|Any CPU.Deploy.0 = Release|Any CPU
		{6BEF74F1-CF71-4BC0-B406-0F3DFB631F16}.AppStore|ARM.ActiveCfg = Release|Any CPU
		{6BEF74F1-CF71-4BC0-B406-0F3DFB631F16}.AppStore|ARM.Build.0 = Release|Any CPU
		{6BEF74F1-CF71-4BC0-B406-0F3DFB631F16}.AppStore|ARM.Deploy.0 = Release|Any CPU
		{6BEF74F1-CF71-4BC0-B406-0F3DFB631F16}.AppStore|iPhone.ActiveCfg = Release|Any CPU
		{6BEF74F1-CF71-4BC0-B406-0F3DFB631F16}.AppStore|iPhone.Build.0 = Release|Any CPU
		{6BEF74F1-CF71-4BC0-B406-0F3DFB631F16}.AppStore|iPhone.Deploy.0 = Release|Any CPU
		{6BEF74F1-CF71-4BC0-B406-0F3DFB631F16}.AppStore|iPhoneSimulator.ActiveCfg = Release|Any CPU
		{6BEF74F1-CF71-4BC0-B406-0F3DFB631F16}.AppStore|iPhoneSimulator.Build.0 = Release|Any CPU
		{6BEF74F1-CF71-4BC0-B406-0F3DFB631F16}.AppStore|iPhoneSimulator.Deploy.0 = Release|Any CPU
		{6BEF74F1-CF71-4BC0-B406-0F3DFB631F16}.AppStore|x64.ActiveCfg = Release|Any CPU
		{6BEF74F1-CF71-4BC0-B406-0F3DFB631F16}.AppStore|x64.Build.0 = Release|Any CPU
		{6BEF74F1-CF71-4BC0-B406-0F3DFB631F16}.AppStore|x64.Deploy.0 = Release|Any CPU
		{6BEF74F1-CF71-4BC0-B406-0F3DFB631F16}.AppStore|x86.ActiveCfg = Release|Any CPU
		{6BEF74F1-CF71-4BC0-B406-0F3DFB631F16}.AppStore|x86.Build.0 = Release|Any CPU
		{6BEF74F1-CF71-4BC0-B406-0F3DFB631F16}.AppStore|x86.Deploy.0 = Release|Any CPU
		{6BEF74F1-CF71-4BC0-B406-0F3DFB631F16}.Debug|Any CPU.ActiveCfg = Debug|Any CPU
		{6BEF74F1-CF71-4BC0-B406-0F3DFB631F16}.Debug|Any CPU.Build.0 = Debug|Any CPU
		{6BEF74F1-CF71-4BC0-B406-0F3DFB631F16}.Debug|Any CPU.Deploy.0 = Debug|Any CPU
		{6BEF74F1-CF71-4BC0-B406-0F3DFB631F16}.Debug|ARM.ActiveCfg = Debug|Any CPU
		{6BEF74F1-CF71-4BC0-B406-0F3DFB631F16}.Debug|ARM.Build.0 = Debug|Any CPU
		{6BEF74F1-CF71-4BC0-B406-0F3DFB631F16}.Debug|ARM.Deploy.0 = Debug|Any CPU
		{6BEF74F1-CF71-4BC0-B406-0F3DFB631F16}.Debug|iPhone.ActiveCfg = Debug|Any CPU
		{6BEF74F1-CF71-4BC0-B406-0F3DFB631F16}.Debug|iPhone.Build.0 = Debug|Any CPU
		{6BEF74F1-CF71-4BC0-B406-0F3DFB631F16}.Debug|iPhone.Deploy.0 = Debug|Any CPU
		{6BEF74F1-CF71-4BC0-B406-0F3DFB631F16}.Debug|iPhoneSimulator.ActiveCfg = Debug|Any CPU
		{6BEF74F1-CF71-4BC0-B406-0F3DFB631F16}.Debug|iPhoneSimulator.Build.0 = Debug|Any CPU
		{6BEF74F1-CF71-4BC0-B406-0F3DFB631F16}.Debug|iPhoneSimulator.Deploy.0 = Debug|Any CPU
		{6BEF74F1-CF71-4BC0-B406-0F3DFB631F16}.Debug|x64.ActiveCfg = Debug|Any CPU
		{6BEF74F1-CF71-4BC0-B406-0F3DFB631F16}.Debug|x64.Build.0 = Debug|Any CPU
		{6BEF74F1-CF71-4BC0-B406-0F3DFB631F16}.Debug|x64.Deploy.0 = Debug|Any CPU
		{6BEF74F1-CF71-4BC0-B406-0F3DFB631F16}.Debug|x86.ActiveCfg = Debug|Any CPU
		{6BEF74F1-CF71-4BC0-B406-0F3DFB631F16}.Debug|x86.Build.0 = Debug|Any CPU
		{6BEF74F1-CF71-4BC0-B406-0F3DFB631F16}.Debug|x86.Deploy.0 = Debug|Any CPU
		{6BEF74F1-CF71-4BC0-B406-0F3DFB631F16}.Release|Any CPU.ActiveCfg = Release|Any CPU
		{6BEF74F1-CF71-4BC0-B406-0F3DFB631F16}.Release|Any CPU.Build.0 = Release|Any CPU
		{6BEF74F1-CF71-4BC0-B406-0F3DFB631F16}.Release|Any CPU.Deploy.0 = Release|Any CPU
		{6BEF74F1-CF71-4BC0-B406-0F3DFB631F16}.Release|ARM.ActiveCfg = Release|Any CPU
		{6BEF74F1-CF71-4BC0-B406-0F3DFB631F16}.Release|ARM.Build.0 = Release|Any CPU
		{6BEF74F1-CF71-4BC0-B406-0F3DFB631F16}.Release|ARM.Deploy.0 = Release|Any CPU
		{6BEF74F1-CF71-4BC0-B406-0F3DFB631F16}.Release|iPhone.ActiveCfg = Release|Any CPU
		{6BEF74F1-CF71-4BC0-B406-0F3DFB631F16}.Release|iPhone.Build.0 = Release|Any CPU
		{6BEF74F1-CF71-4BC0-B406-0F3DFB631F16}.Release|iPhone.Deploy.0 = Release|Any CPU
		{6BEF74F1-CF71-4BC0-B406-0F3DFB631F16}.Release|iPhoneSimulator.ActiveCfg = Release|Any CPU
		{6BEF74F1-CF71-4BC0-B406-0F3DFB631F16}.Release|iPhoneSimulator.Build.0 = Release|Any CPU
		{6BEF74F1-CF71-4BC0-B406-0F3DFB631F16}.Release|iPhoneSimulator.Deploy.0 = Release|Any CPU
		{6BEF74F1-CF71-4BC0-B406-0F3DFB631F16}.Release|x64.ActiveCfg = Release|Any CPU
		{6BEF74F1-CF71-4BC0-B406-0F3DFB631F16}.Release|x64.Build.0 = Release|Any CPU
		{6BEF74F1-CF71-4BC0-B406-0F3DFB631F16}.Release|x64.Deploy.0 = Release|Any CPU
		{6BEF74F1-CF71-4BC0-B406-0F3DFB631F16}.Release|x86.ActiveCfg = Release|Any CPU
		{6BEF74F1-CF71-4BC0-B406-0F3DFB631F16}.Release|x86.Build.0 = Release|Any CPU
		{6BEF74F1-CF71-4BC0-B406-0F3DFB631F16}.Release|x86.Deploy.0 = Release|Any CPU
		{AE190C83-9187-4502-AE8A-00BE42E80439}.Ad-Hoc|Any CPU.ActiveCfg = Ad-Hoc|iPhone
		{AE190C83-9187-4502-AE8A-00BE42E80439}.Ad-Hoc|ARM.ActiveCfg = Ad-Hoc|iPhone
		{AE190C83-9187-4502-AE8A-00BE42E80439}.Ad-Hoc|iPhone.ActiveCfg = Ad-Hoc|iPhone
		{AE190C83-9187-4502-AE8A-00BE42E80439}.Ad-Hoc|iPhone.Build.0 = Ad-Hoc|iPhone
		{AE190C83-9187-4502-AE8A-00BE42E80439}.Ad-Hoc|iPhoneSimulator.ActiveCfg = Ad-Hoc|iPhoneSimulator
		{AE190C83-9187-4502-AE8A-00BE42E80439}.Ad-Hoc|iPhoneSimulator.Build.0 = Ad-Hoc|iPhoneSimulator
		{AE190C83-9187-4502-AE8A-00BE42E80439}.Ad-Hoc|x64.ActiveCfg = Ad-Hoc|iPhone
		{AE190C83-9187-4502-AE8A-00BE42E80439}.Ad-Hoc|x86.ActiveCfg = Ad-Hoc|iPhone
		{AE190C83-9187-4502-AE8A-00BE42E80439}.AppStore|Any CPU.ActiveCfg = AppStore|iPhone
		{AE190C83-9187-4502-AE8A-00BE42E80439}.AppStore|ARM.ActiveCfg = AppStore|iPhone
		{AE190C83-9187-4502-AE8A-00BE42E80439}.AppStore|iPhone.ActiveCfg = AppStore|iPhone
		{AE190C83-9187-4502-AE8A-00BE42E80439}.AppStore|iPhone.Build.0 = AppStore|iPhone
		{AE190C83-9187-4502-AE8A-00BE42E80439}.AppStore|iPhoneSimulator.ActiveCfg = AppStore|iPhoneSimulator
		{AE190C83-9187-4502-AE8A-00BE42E80439}.AppStore|iPhoneSimulator.Build.0 = AppStore|iPhoneSimulator
		{AE190C83-9187-4502-AE8A-00BE42E80439}.AppStore|x64.ActiveCfg = AppStore|iPhone
		{AE190C83-9187-4502-AE8A-00BE42E80439}.AppStore|x86.ActiveCfg = AppStore|iPhone
		{AE190C83-9187-4502-AE8A-00BE42E80439}.Debug|Any CPU.ActiveCfg = Debug|iPhone
		{AE190C83-9187-4502-AE8A-00BE42E80439}.Debug|ARM.ActiveCfg = Debug|iPhone
		{AE190C83-9187-4502-AE8A-00BE42E80439}.Debug|iPhone.ActiveCfg = Debug|iPhone
		{AE190C83-9187-4502-AE8A-00BE42E80439}.Debug|iPhone.Build.0 = Debug|iPhone
		{AE190C83-9187-4502-AE8A-00BE42E80439}.Debug|iPhoneSimulator.ActiveCfg = Debug|iPhoneSimulator
		{AE190C83-9187-4502-AE8A-00BE42E80439}.Debug|iPhoneSimulator.Build.0 = Debug|iPhoneSimulator
		{AE190C83-9187-4502-AE8A-00BE42E80439}.Debug|x64.ActiveCfg = Debug|iPhone
		{AE190C83-9187-4502-AE8A-00BE42E80439}.Debug|x86.ActiveCfg = Debug|iPhone
		{AE190C83-9187-4502-AE8A-00BE42E80439}.Release|Any CPU.ActiveCfg = Release|iPhone
		{AE190C83-9187-4502-AE8A-00BE42E80439}.Release|ARM.ActiveCfg = Release|iPhone
		{AE190C83-9187-4502-AE8A-00BE42E80439}.Release|iPhone.ActiveCfg = Release|iPhone
		{AE190C83-9187-4502-AE8A-00BE42E80439}.Release|iPhone.Build.0 = Release|iPhone
		{AE190C83-9187-4502-AE8A-00BE42E80439}.Release|iPhoneSimulator.ActiveCfg = Release|iPhoneSimulator
		{AE190C83-9187-4502-AE8A-00BE42E80439}.Release|iPhoneSimulator.Build.0 = Release|iPhoneSimulator
		{AE190C83-9187-4502-AE8A-00BE42E80439}.Release|x64.ActiveCfg = Release|iPhone
		{AE190C83-9187-4502-AE8A-00BE42E80439}.Release|x86.ActiveCfg = Release|iPhone
		{940E1895-A260-4EBF-A3D1-E704B15EE1A3}.Ad-Hoc|Any CPU.ActiveCfg = Release|Any CPU
		{940E1895-A260-4EBF-A3D1-E704B15EE1A3}.Ad-Hoc|Any CPU.Build.0 = Release|Any CPU
		{940E1895-A260-4EBF-A3D1-E704B15EE1A3}.Ad-Hoc|Any CPU.Deploy.0 = Release|Any CPU
		{940E1895-A260-4EBF-A3D1-E704B15EE1A3}.Ad-Hoc|ARM.ActiveCfg = Release|ARM
		{940E1895-A260-4EBF-A3D1-E704B15EE1A3}.Ad-Hoc|ARM.Build.0 = Release|ARM
		{940E1895-A260-4EBF-A3D1-E704B15EE1A3}.Ad-Hoc|ARM.Deploy.0 = Release|ARM
		{940E1895-A260-4EBF-A3D1-E704B15EE1A3}.Ad-Hoc|iPhone.ActiveCfg = Release|Any CPU
		{940E1895-A260-4EBF-A3D1-E704B15EE1A3}.Ad-Hoc|iPhone.Build.0 = Release|Any CPU
		{940E1895-A260-4EBF-A3D1-E704B15EE1A3}.Ad-Hoc|iPhone.Deploy.0 = Release|Any CPU
		{940E1895-A260-4EBF-A3D1-E704B15EE1A3}.Ad-Hoc|iPhoneSimulator.ActiveCfg = Release|Any CPU
		{940E1895-A260-4EBF-A3D1-E704B15EE1A3}.Ad-Hoc|iPhoneSimulator.Build.0 = Release|Any CPU
		{940E1895-A260-4EBF-A3D1-E704B15EE1A3}.Ad-Hoc|iPhoneSimulator.Deploy.0 = Release|Any CPU
		{940E1895-A260-4EBF-A3D1-E704B15EE1A3}.Ad-Hoc|x64.ActiveCfg = Release|Any CPU
		{940E1895-A260-4EBF-A3D1-E704B15EE1A3}.Ad-Hoc|x64.Build.0 = Release|Any CPU
		{940E1895-A260-4EBF-A3D1-E704B15EE1A3}.Ad-Hoc|x64.Deploy.0 = Release|Any CPU
		{940E1895-A260-4EBF-A3D1-E704B15EE1A3}.Ad-Hoc|x86.ActiveCfg = Release|x86
		{940E1895-A260-4EBF-A3D1-E704B15EE1A3}.Ad-Hoc|x86.Build.0 = Release|x86
		{940E1895-A260-4EBF-A3D1-E704B15EE1A3}.Ad-Hoc|x86.Deploy.0 = Release|x86
		{940E1895-A260-4EBF-A3D1-E704B15EE1A3}.AppStore|Any CPU.ActiveCfg = Release|Any CPU
		{940E1895-A260-4EBF-A3D1-E704B15EE1A3}.AppStore|Any CPU.Build.0 = Release|Any CPU
		{940E1895-A260-4EBF-A3D1-E704B15EE1A3}.AppStore|Any CPU.Deploy.0 = Release|Any CPU
		{940E1895-A260-4EBF-A3D1-E704B15EE1A3}.AppStore|ARM.ActiveCfg = Release|ARM
		{940E1895-A260-4EBF-A3D1-E704B15EE1A3}.AppStore|ARM.Build.0 = Release|ARM
		{940E1895-A260-4EBF-A3D1-E704B15EE1A3}.AppStore|ARM.Deploy.0 = Release|ARM
		{940E1895-A260-4EBF-A3D1-E704B15EE1A3}.AppStore|iPhone.ActiveCfg = Release|Any CPU
		{940E1895-A260-4EBF-A3D1-E704B15EE1A3}.AppStore|iPhone.Build.0 = Release|Any CPU
		{940E1895-A260-4EBF-A3D1-E704B15EE1A3}.AppStore|iPhone.Deploy.0 = Release|Any CPU
		{940E1895-A260-4EBF-A3D1-E704B15EE1A3}.AppStore|iPhoneSimulator.ActiveCfg = Release|Any CPU
		{940E1895-A260-4EBF-A3D1-E704B15EE1A3}.AppStore|iPhoneSimulator.Build.0 = Release|Any CPU
		{940E1895-A260-4EBF-A3D1-E704B15EE1A3}.AppStore|iPhoneSimulator.Deploy.0 = Release|Any CPU
		{940E1895-A260-4EBF-A3D1-E704B15EE1A3}.AppStore|x64.ActiveCfg = Release|Any CPU
		{940E1895-A260-4EBF-A3D1-E704B15EE1A3}.AppStore|x64.Build.0 = Release|Any CPU
		{940E1895-A260-4EBF-A3D1-E704B15EE1A3}.AppStore|x64.Deploy.0 = Release|Any CPU
		{940E1895-A260-4EBF-A3D1-E704B15EE1A3}.AppStore|x86.ActiveCfg = Release|x86
		{940E1895-A260-4EBF-A3D1-E704B15EE1A3}.AppStore|x86.Build.0 = Release|x86
		{940E1895-A260-4EBF-A3D1-E704B15EE1A3}.AppStore|x86.Deploy.0 = Release|x86
		{940E1895-A260-4EBF-A3D1-E704B15EE1A3}.Debug|Any CPU.ActiveCfg = Debug|Any CPU
		{940E1895-A260-4EBF-A3D1-E704B15EE1A3}.Debug|Any CPU.Build.0 = Debug|Any CPU
		{940E1895-A260-4EBF-A3D1-E704B15EE1A3}.Debug|Any CPU.Deploy.0 = Debug|Any CPU
		{940E1895-A260-4EBF-A3D1-E704B15EE1A3}.Debug|ARM.ActiveCfg = Debug|ARM
		{940E1895-A260-4EBF-A3D1-E704B15EE1A3}.Debug|ARM.Build.0 = Debug|ARM
		{940E1895-A260-4EBF-A3D1-E704B15EE1A3}.Debug|ARM.Deploy.0 = Debug|ARM
		{940E1895-A260-4EBF-A3D1-E704B15EE1A3}.Debug|iPhone.ActiveCfg = Debug|Any CPU
		{940E1895-A260-4EBF-A3D1-E704B15EE1A3}.Debug|iPhone.Build.0 = Debug|Any CPU
		{940E1895-A260-4EBF-A3D1-E704B15EE1A3}.Debug|iPhone.Deploy.0 = Debug|Any CPU
		{940E1895-A260-4EBF-A3D1-E704B15EE1A3}.Debug|iPhoneSimulator.ActiveCfg = Debug|Any CPU
		{940E1895-A260-4EBF-A3D1-E704B15EE1A3}.Debug|iPhoneSimulator.Build.0 = Debug|Any CPU
		{940E1895-A260-4EBF-A3D1-E704B15EE1A3}.Debug|iPhoneSimulator.Deploy.0 = Debug|Any CPU
		{940E1895-A260-4EBF-A3D1-E704B15EE1A3}.Debug|x64.ActiveCfg = Debug|Any CPU
		{940E1895-A260-4EBF-A3D1-E704B15EE1A3}.Debug|x64.Build.0 = Debug|Any CPU
		{940E1895-A260-4EBF-A3D1-E704B15EE1A3}.Debug|x64.Deploy.0 = Debug|Any CPU
		{940E1895-A260-4EBF-A3D1-E704B15EE1A3}.Debug|x86.ActiveCfg = Debug|x86
		{940E1895-A260-4EBF-A3D1-E704B15EE1A3}.Debug|x86.Build.0 = Debug|x86
		{940E1895-A260-4EBF-A3D1-E704B15EE1A3}.Debug|x86.Deploy.0 = Debug|x86
		{940E1895-A260-4EBF-A3D1-E704B15EE1A3}.Release|Any CPU.ActiveCfg = Release|Any CPU
		{940E1895-A260-4EBF-A3D1-E704B15EE1A3}.Release|Any CPU.Build.0 = Release|Any CPU
		{940E1895-A260-4EBF-A3D1-E704B15EE1A3}.Release|Any CPU.Deploy.0 = Release|Any CPU
		{940E1895-A260-4EBF-A3D1-E704B15EE1A3}.Release|ARM.ActiveCfg = Release|ARM
		{940E1895-A260-4EBF-A3D1-E704B15EE1A3}.Release|ARM.Build.0 = Release|ARM
		{940E1895-A260-4EBF-A3D1-E704B15EE1A3}.Release|ARM.Deploy.0 = Release|ARM
		{940E1895-A260-4EBF-A3D1-E704B15EE1A3}.Release|iPhone.ActiveCfg = Release|Any CPU
		{940E1895-A260-4EBF-A3D1-E704B15EE1A3}.Release|iPhone.Build.0 = Release|Any CPU
		{940E1895-A260-4EBF-A3D1-E704B15EE1A3}.Release|iPhone.Deploy.0 = Release|Any CPU
		{940E1895-A260-4EBF-A3D1-E704B15EE1A3}.Release|iPhoneSimulator.ActiveCfg = Release|Any CPU
		{940E1895-A260-4EBF-A3D1-E704B15EE1A3}.Release|iPhoneSimulator.Build.0 = Release|Any CPU
		{940E1895-A260-4EBF-A3D1-E704B15EE1A3}.Release|iPhoneSimulator.Deploy.0 = Release|Any CPU
		{940E1895-A260-4EBF-A3D1-E704B15EE1A3}.Release|x64.ActiveCfg = Release|Any CPU
		{940E1895-A260-4EBF-A3D1-E704B15EE1A3}.Release|x64.Build.0 = Release|Any CPU
		{940E1895-A260-4EBF-A3D1-E704B15EE1A3}.Release|x64.Deploy.0 = Release|Any CPU
		{940E1895-A260-4EBF-A3D1-E704B15EE1A3}.Release|x86.ActiveCfg = Release|x86
		{940E1895-A260-4EBF-A3D1-E704B15EE1A3}.Release|x86.Build.0 = Release|x86
		{940E1895-A260-4EBF-A3D1-E704B15EE1A3}.Release|x86.Deploy.0 = Release|x86
		{F1848518-1BE3-4BA4-AF6C-8BBA96949E21}.Ad-Hoc|Any CPU.ActiveCfg = Release|x86
		{F1848518-1BE3-4BA4-AF6C-8BBA96949E21}.Ad-Hoc|Any CPU.Build.0 = Release|x86
		{F1848518-1BE3-4BA4-AF6C-8BBA96949E21}.Ad-Hoc|Any CPU.Deploy.0 = Release|x86
		{F1848518-1BE3-4BA4-AF6C-8BBA96949E21}.Ad-Hoc|ARM.ActiveCfg = Release|ARM
		{F1848518-1BE3-4BA4-AF6C-8BBA96949E21}.Ad-Hoc|ARM.Build.0 = Release|ARM
		{F1848518-1BE3-4BA4-AF6C-8BBA96949E21}.Ad-Hoc|ARM.Deploy.0 = Release|ARM
		{F1848518-1BE3-4BA4-AF6C-8BBA96949E21}.Ad-Hoc|iPhone.ActiveCfg = Release|x86
		{F1848518-1BE3-4BA4-AF6C-8BBA96949E21}.Ad-Hoc|iPhone.Build.0 = Release|x86
		{F1848518-1BE3-4BA4-AF6C-8BBA96949E21}.Ad-Hoc|iPhone.Deploy.0 = Release|x86
		{F1848518-1BE3-4BA4-AF6C-8BBA96949E21}.Ad-Hoc|iPhoneSimulator.ActiveCfg = Release|x86
		{F1848518-1BE3-4BA4-AF6C-8BBA96949E21}.Ad-Hoc|iPhoneSimulator.Build.0 = Release|x86
		{F1848518-1BE3-4BA4-AF6C-8BBA96949E21}.Ad-Hoc|iPhoneSimulator.Deploy.0 = Release|x86
		{F1848518-1BE3-4BA4-AF6C-8BBA96949E21}.Ad-Hoc|x64.ActiveCfg = Release|x64
		{F1848518-1BE3-4BA4-AF6C-8BBA96949E21}.Ad-Hoc|x64.Build.0 = Release|x64
		{F1848518-1BE3-4BA4-AF6C-8BBA96949E21}.Ad-Hoc|x64.Deploy.0 = Release|x64
		{F1848518-1BE3-4BA4-AF6C-8BBA96949E21}.Ad-Hoc|x86.ActiveCfg = Release|x86
		{F1848518-1BE3-4BA4-AF6C-8BBA96949E21}.Ad-Hoc|x86.Build.0 = Release|x86
		{F1848518-1BE3-4BA4-AF6C-8BBA96949E21}.Ad-Hoc|x86.Deploy.0 = Release|x86
		{F1848518-1BE3-4BA4-AF6C-8BBA96949E21}.AppStore|Any CPU.ActiveCfg = Release|x86
		{F1848518-1BE3-4BA4-AF6C-8BBA96949E21}.AppStore|Any CPU.Build.0 = Release|x86
		{F1848518-1BE3-4BA4-AF6C-8BBA96949E21}.AppStore|Any CPU.Deploy.0 = Release|x86
		{F1848518-1BE3-4BA4-AF6C-8BBA96949E21}.AppStore|ARM.ActiveCfg = Release|ARM
		{F1848518-1BE3-4BA4-AF6C-8BBA96949E21}.AppStore|ARM.Build.0 = Release|ARM
		{F1848518-1BE3-4BA4-AF6C-8BBA96949E21}.AppStore|ARM.Deploy.0 = Release|ARM
		{F1848518-1BE3-4BA4-AF6C-8BBA96949E21}.AppStore|iPhone.ActiveCfg = Release|x86
		{F1848518-1BE3-4BA4-AF6C-8BBA96949E21}.AppStore|iPhone.Build.0 = Release|x86
		{F1848518-1BE3-4BA4-AF6C-8BBA96949E21}.AppStore|iPhone.Deploy.0 = Release|x86
		{F1848518-1BE3-4BA4-AF6C-8BBA96949E21}.AppStore|iPhoneSimulator.ActiveCfg = Release|x86
		{F1848518-1BE3-4BA4-AF6C-8BBA96949E21}.AppStore|iPhoneSimulator.Build.0 = Release|x86
		{F1848518-1BE3-4BA4-AF6C-8BBA96949E21}.AppStore|iPhoneSimulator.Deploy.0 = Release|x86
		{F1848518-1BE3-4BA4-AF6C-8BBA96949E21}.AppStore|x64.ActiveCfg = Release|x64
		{F1848518-1BE3-4BA4-AF6C-8BBA96949E21}.AppStore|x64.Build.0 = Release|x64
		{F1848518-1BE3-4BA4-AF6C-8BBA96949E21}.AppStore|x64.Deploy.0 = Release|x64
		{F1848518-1BE3-4BA4-AF6C-8BBA96949E21}.AppStore|x86.ActiveCfg = Release|x86
		{F1848518-1BE3-4BA4-AF6C-8BBA96949E21}.AppStore|x86.Build.0 = Release|x86
		{F1848518-1BE3-4BA4-AF6C-8BBA96949E21}.AppStore|x86.Deploy.0 = Release|x86
		{F1848518-1BE3-4BA4-AF6C-8BBA96949E21}.Debug|Any CPU.ActiveCfg = Debug|x86
		{F1848518-1BE3-4BA4-AF6C-8BBA96949E21}.Debug|ARM.ActiveCfg = Debug|ARM
		{F1848518-1BE3-4BA4-AF6C-8BBA96949E21}.Debug|ARM.Build.0 = Debug|ARM
		{F1848518-1BE3-4BA4-AF6C-8BBA96949E21}.Debug|ARM.Deploy.0 = Debug|ARM
		{F1848518-1BE3-4BA4-AF6C-8BBA96949E21}.Debug|iPhone.ActiveCfg = Debug|x86
		{F1848518-1BE3-4BA4-AF6C-8BBA96949E21}.Debug|iPhoneSimulator.ActiveCfg = Debug|x86
		{F1848518-1BE3-4BA4-AF6C-8BBA96949E21}.Debug|x64.ActiveCfg = Debug|x64
		{F1848518-1BE3-4BA4-AF6C-8BBA96949E21}.Debug|x64.Build.0 = Debug|x64
		{F1848518-1BE3-4BA4-AF6C-8BBA96949E21}.Debug|x64.Deploy.0 = Debug|x64
		{F1848518-1BE3-4BA4-AF6C-8BBA96949E21}.Debug|x86.ActiveCfg = Debug|x86
		{F1848518-1BE3-4BA4-AF6C-8BBA96949E21}.Debug|x86.Build.0 = Debug|x86
		{F1848518-1BE3-4BA4-AF6C-8BBA96949E21}.Debug|x86.Deploy.0 = Debug|x86
		{F1848518-1BE3-4BA4-AF6C-8BBA96949E21}.Release|Any CPU.ActiveCfg = Release|x86
		{F1848518-1BE3-4BA4-AF6C-8BBA96949E21}.Release|ARM.ActiveCfg = Release|ARM
		{F1848518-1BE3-4BA4-AF6C-8BBA96949E21}.Release|ARM.Build.0 = Release|ARM
		{F1848518-1BE3-4BA4-AF6C-8BBA96949E21}.Release|ARM.Deploy.0 = Release|ARM
		{F1848518-1BE3-4BA4-AF6C-8BBA96949E21}.Release|iPhone.ActiveCfg = Release|x86
		{F1848518-1BE3-4BA4-AF6C-8BBA96949E21}.Release|iPhoneSimulator.ActiveCfg = Release|x86
		{F1848518-1BE3-4BA4-AF6C-8BBA96949E21}.Release|x64.ActiveCfg = Release|x64
		{F1848518-1BE3-4BA4-AF6C-8BBA96949E21}.Release|x64.Build.0 = Release|x64
		{F1848518-1BE3-4BA4-AF6C-8BBA96949E21}.Release|x64.Deploy.0 = Release|x64
		{F1848518-1BE3-4BA4-AF6C-8BBA96949E21}.Release|x86.ActiveCfg = Release|x86
		{F1848518-1BE3-4BA4-AF6C-8BBA96949E21}.Release|x86.Build.0 = Release|x86
		{F1848518-1BE3-4BA4-AF6C-8BBA96949E21}.Release|x86.Deploy.0 = Release|x86
		{CA70B6AE-9CAF-4104-A121-3E1F0F69946C}.Ad-Hoc|Any CPU.ActiveCfg = Release|Any CPU
		{CA70B6AE-9CAF-4104-A121-3E1F0F69946C}.Ad-Hoc|Any CPU.Build.0 = Release|Any CPU
		{CA70B6AE-9CAF-4104-A121-3E1F0F69946C}.Ad-Hoc|Any CPU.Deploy.0 = Release|Any CPU
		{CA70B6AE-9CAF-4104-A121-3E1F0F69946C}.Ad-Hoc|ARM.ActiveCfg = Release|ARM
		{CA70B6AE-9CAF-4104-A121-3E1F0F69946C}.Ad-Hoc|ARM.Build.0 = Release|ARM
		{CA70B6AE-9CAF-4104-A121-3E1F0F69946C}.Ad-Hoc|ARM.Deploy.0 = Release|ARM
		{CA70B6AE-9CAF-4104-A121-3E1F0F69946C}.Ad-Hoc|iPhone.ActiveCfg = Release|Any CPU
		{CA70B6AE-9CAF-4104-A121-3E1F0F69946C}.Ad-Hoc|iPhone.Build.0 = Release|Any CPU
		{CA70B6AE-9CAF-4104-A121-3E1F0F69946C}.Ad-Hoc|iPhone.Deploy.0 = Release|Any CPU
		{CA70B6AE-9CAF-4104-A121-3E1F0F69946C}.Ad-Hoc|iPhoneSimulator.ActiveCfg = Release|Any CPU
		{CA70B6AE-9CAF-4104-A121-3E1F0F69946C}.Ad-Hoc|iPhoneSimulator.Build.0 = Release|Any CPU
		{CA70B6AE-9CAF-4104-A121-3E1F0F69946C}.Ad-Hoc|iPhoneSimulator.Deploy.0 = Release|Any CPU
		{CA70B6AE-9CAF-4104-A121-3E1F0F69946C}.Ad-Hoc|x64.ActiveCfg = Release|x64
		{CA70B6AE-9CAF-4104-A121-3E1F0F69946C}.Ad-Hoc|x64.Build.0 = Release|x64
		{CA70B6AE-9CAF-4104-A121-3E1F0F69946C}.Ad-Hoc|x64.Deploy.0 = Release|x64
		{CA70B6AE-9CAF-4104-A121-3E1F0F69946C}.Ad-Hoc|x86.ActiveCfg = Release|x86
		{CA70B6AE-9CAF-4104-A121-3E1F0F69946C}.Ad-Hoc|x86.Build.0 = Release|x86
		{CA70B6AE-9CAF-4104-A121-3E1F0F69946C}.Ad-Hoc|x86.Deploy.0 = Release|x86
		{CA70B6AE-9CAF-4104-A121-3E1F0F69946C}.AppStore|Any CPU.ActiveCfg = Release|Any CPU
		{CA70B6AE-9CAF-4104-A121-3E1F0F69946C}.AppStore|Any CPU.Build.0 = Release|Any CPU
		{CA70B6AE-9CAF-4104-A121-3E1F0F69946C}.AppStore|Any CPU.Deploy.0 = Release|Any CPU
		{CA70B6AE-9CAF-4104-A121-3E1F0F69946C}.AppStore|ARM.ActiveCfg = Release|ARM
		{CA70B6AE-9CAF-4104-A121-3E1F0F69946C}.AppStore|ARM.Build.0 = Release|ARM
		{CA70B6AE-9CAF-4104-A121-3E1F0F69946C}.AppStore|ARM.Deploy.0 = Release|ARM
		{CA70B6AE-9CAF-4104-A121-3E1F0F69946C}.AppStore|iPhone.ActiveCfg = Release|Any CPU
		{CA70B6AE-9CAF-4104-A121-3E1F0F69946C}.AppStore|iPhone.Build.0 = Release|Any CPU
		{CA70B6AE-9CAF-4104-A121-3E1F0F69946C}.AppStore|iPhone.Deploy.0 = Release|Any CPU
		{CA70B6AE-9CAF-4104-A121-3E1F0F69946C}.AppStore|iPhoneSimulator.ActiveCfg = Release|Any CPU
		{CA70B6AE-9CAF-4104-A121-3E1F0F69946C}.AppStore|iPhoneSimulator.Build.0 = Release|Any CPU
		{CA70B6AE-9CAF-4104-A121-3E1F0F69946C}.AppStore|iPhoneSimulator.Deploy.0 = Release|Any CPU
		{CA70B6AE-9CAF-4104-A121-3E1F0F69946C}.AppStore|x64.ActiveCfg = Release|x64
		{CA70B6AE-9CAF-4104-A121-3E1F0F69946C}.AppStore|x64.Build.0 = Release|x64
		{CA70B6AE-9CAF-4104-A121-3E1F0F69946C}.AppStore|x64.Deploy.0 = Release|x64
		{CA70B6AE-9CAF-4104-A121-3E1F0F69946C}.AppStore|x86.ActiveCfg = Release|x86
		{CA70B6AE-9CAF-4104-A121-3E1F0F69946C}.AppStore|x86.Build.0 = Release|x86
		{CA70B6AE-9CAF-4104-A121-3E1F0F69946C}.AppStore|x86.Deploy.0 = Release|x86
		{CA70B6AE-9CAF-4104-A121-3E1F0F69946C}.Debug|Any CPU.ActiveCfg = Debug|Any CPU
		{CA70B6AE-9CAF-4104-A121-3E1F0F69946C}.Debug|Any CPU.Build.0 = Debug|Any CPU
		{CA70B6AE-9CAF-4104-A121-3E1F0F69946C}.Debug|Any CPU.Deploy.0 = Debug|Any CPU
		{CA70B6AE-9CAF-4104-A121-3E1F0F69946C}.Debug|ARM.ActiveCfg = Debug|ARM
		{CA70B6AE-9CAF-4104-A121-3E1F0F69946C}.Debug|ARM.Build.0 = Debug|ARM
		{CA70B6AE-9CAF-4104-A121-3E1F0F69946C}.Debug|ARM.Deploy.0 = Debug|ARM
		{CA70B6AE-9CAF-4104-A121-3E1F0F69946C}.Debug|iPhone.ActiveCfg = Debug|Any CPU
		{CA70B6AE-9CAF-4104-A121-3E1F0F69946C}.Debug|iPhone.Build.0 = Debug|Any CPU
		{CA70B6AE-9CAF-4104-A121-3E1F0F69946C}.Debug|iPhone.Deploy.0 = Debug|Any CPU
		{CA70B6AE-9CAF-4104-A121-3E1F0F69946C}.Debug|iPhoneSimulator.ActiveCfg = Debug|Any CPU
		{CA70B6AE-9CAF-4104-A121-3E1F0F69946C}.Debug|iPhoneSimulator.Build.0 = Debug|Any CPU
		{CA70B6AE-9CAF-4104-A121-3E1F0F69946C}.Debug|iPhoneSimulator.Deploy.0 = Debug|Any CPU
		{CA70B6AE-9CAF-4104-A121-3E1F0F69946C}.Debug|x64.ActiveCfg = Debug|x64
		{CA70B6AE-9CAF-4104-A121-3E1F0F69946C}.Debug|x64.Build.0 = Debug|x64
		{CA70B6AE-9CAF-4104-A121-3E1F0F69946C}.Debug|x64.Deploy.0 = Debug|x64
		{CA70B6AE-9CAF-4104-A121-3E1F0F69946C}.Debug|x86.ActiveCfg = Debug|x86
		{CA70B6AE-9CAF-4104-A121-3E1F0F69946C}.Debug|x86.Build.0 = Debug|x86
		{CA70B6AE-9CAF-4104-A121-3E1F0F69946C}.Debug|x86.Deploy.0 = Debug|x86
		{CA70B6AE-9CAF-4104-A121-3E1F0F69946C}.Release|Any CPU.ActiveCfg = Release|Any CPU
		{CA70B6AE-9CAF-4104-A121-3E1F0F69946C}.Release|Any CPU.Build.0 = Release|Any CPU
		{CA70B6AE-9CAF-4104-A121-3E1F0F69946C}.Release|Any CPU.Deploy.0 = Release|Any CPU
		{CA70B6AE-9CAF-4104-A121-3E1F0F69946C}.Release|ARM.ActiveCfg = Release|ARM
		{CA70B6AE-9CAF-4104-A121-3E1F0F69946C}.Release|ARM.Build.0 = Release|ARM
		{CA70B6AE-9CAF-4104-A121-3E1F0F69946C}.Release|ARM.Deploy.0 = Release|ARM
		{CA70B6AE-9CAF-4104-A121-3E1F0F69946C}.Release|iPhone.ActiveCfg = Release|Any CPU
		{CA70B6AE-9CAF-4104-A121-3E1F0F69946C}.Release|iPhone.Build.0 = Release|Any CPU
		{CA70B6AE-9CAF-4104-A121-3E1F0F69946C}.Release|iPhone.Deploy.0 = Release|Any CPU
		{CA70B6AE-9CAF-4104-A121-3E1F0F69946C}.Release|iPhoneSimulator.ActiveCfg = Release|Any CPU
		{CA70B6AE-9CAF-4104-A121-3E1F0F69946C}.Release|iPhoneSimulator.Build.0 = Release|Any CPU
		{CA70B6AE-9CAF-4104-A121-3E1F0F69946C}.Release|iPhoneSimulator.Deploy.0 = Release|Any CPU
		{CA70B6AE-9CAF-4104-A121-3E1F0F69946C}.Release|x64.ActiveCfg = Release|x64
		{CA70B6AE-9CAF-4104-A121-3E1F0F69946C}.Release|x64.Build.0 = Release|x64
		{CA70B6AE-9CAF-4104-A121-3E1F0F69946C}.Release|x64.Deploy.0 = Release|x64
		{CA70B6AE-9CAF-4104-A121-3E1F0F69946C}.Release|x86.ActiveCfg = Release|x86
		{CA70B6AE-9CAF-4104-A121-3E1F0F69946C}.Release|x86.Build.0 = Release|x86
		{CA70B6AE-9CAF-4104-A121-3E1F0F69946C}.Release|x86.Deploy.0 = Release|x86
		{99AEC96C-09F0-4298-9549-AC6648B2903A}.Ad-Hoc|Any CPU.ActiveCfg = Release|Any CPU
		{99AEC96C-09F0-4298-9549-AC6648B2903A}.Ad-Hoc|Any CPU.Build.0 = Release|Any CPU
		{99AEC96C-09F0-4298-9549-AC6648B2903A}.Ad-Hoc|ARM.ActiveCfg = Release|Any CPU
		{99AEC96C-09F0-4298-9549-AC6648B2903A}.Ad-Hoc|ARM.Build.0 = Release|Any CPU
		{99AEC96C-09F0-4298-9549-AC6648B2903A}.Ad-Hoc|iPhone.ActiveCfg = Release|Any CPU
		{99AEC96C-09F0-4298-9549-AC6648B2903A}.Ad-Hoc|iPhone.Build.0 = Release|Any CPU
		{99AEC96C-09F0-4298-9549-AC6648B2903A}.Ad-Hoc|iPhoneSimulator.ActiveCfg = Release|Any CPU
		{99AEC96C-09F0-4298-9549-AC6648B2903A}.Ad-Hoc|iPhoneSimulator.Build.0 = Release|Any CPU
		{99AEC96C-09F0-4298-9549-AC6648B2903A}.Ad-Hoc|x64.ActiveCfg = Release|Any CPU
		{99AEC96C-09F0-4298-9549-AC6648B2903A}.Ad-Hoc|x64.Build.0 = Release|Any CPU
		{99AEC96C-09F0-4298-9549-AC6648B2903A}.Ad-Hoc|x86.ActiveCfg = Release|Any CPU
		{99AEC96C-09F0-4298-9549-AC6648B2903A}.Ad-Hoc|x86.Build.0 = Release|Any CPU
		{99AEC96C-09F0-4298-9549-AC6648B2903A}.AppStore|Any CPU.ActiveCfg = Release|Any CPU
		{99AEC96C-09F0-4298-9549-AC6648B2903A}.AppStore|Any CPU.Build.0 = Release|Any CPU
		{99AEC96C-09F0-4298-9549-AC6648B2903A}.AppStore|ARM.ActiveCfg = Release|Any CPU
		{99AEC96C-09F0-4298-9549-AC6648B2903A}.AppStore|ARM.Build.0 = Release|Any CPU
		{99AEC96C-09F0-4298-9549-AC6648B2903A}.AppStore|iPhone.ActiveCfg = Release|Any CPU
		{99AEC96C-09F0-4298-9549-AC6648B2903A}.AppStore|iPhone.Build.0 = Release|Any CPU
		{99AEC96C-09F0-4298-9549-AC6648B2903A}.AppStore|iPhoneSimulator.ActiveCfg = Release|Any CPU
		{99AEC96C-09F0-4298-9549-AC6648B2903A}.AppStore|iPhoneSimulator.Build.0 = Release|Any CPU
		{99AEC96C-09F0-4298-9549-AC6648B2903A}.AppStore|x64.ActiveCfg = Release|Any CPU
		{99AEC96C-09F0-4298-9549-AC6648B2903A}.AppStore|x64.Build.0 = Release|Any CPU
		{99AEC96C-09F0-4298-9549-AC6648B2903A}.AppStore|x86.ActiveCfg = Release|Any CPU
		{99AEC96C-09F0-4298-9549-AC6648B2903A}.AppStore|x86.Build.0 = Release|Any CPU
		{99AEC96C-09F0-4298-9549-AC6648B2903A}.Debug|Any CPU.ActiveCfg = Debug|Any CPU
		{99AEC96C-09F0-4298-9549-AC6648B2903A}.Debug|Any CPU.Build.0 = Debug|Any CPU
		{99AEC96C-09F0-4298-9549-AC6648B2903A}.Debug|ARM.ActiveCfg = Debug|Any CPU
		{99AEC96C-09F0-4298-9549-AC6648B2903A}.Debug|ARM.Build.0 = Debug|Any CPU
		{99AEC96C-09F0-4298-9549-AC6648B2903A}.Debug|iPhone.ActiveCfg = Debug|Any CPU
		{99AEC96C-09F0-4298-9549-AC6648B2903A}.Debug|iPhone.Build.0 = Debug|Any CPU
		{99AEC96C-09F0-4298-9549-AC6648B2903A}.Debug|iPhoneSimulator.ActiveCfg = Debug|Any CPU
		{99AEC96C-09F0-4298-9549-AC6648B2903A}.Debug|iPhoneSimulator.Build.0 = Debug|Any CPU
		{99AEC96C-09F0-4298-9549-AC6648B2903A}.Debug|x64.ActiveCfg = Debug|Any CPU
		{99AEC96C-09F0-4298-9549-AC6648B2903A}.Debug|x64.Build.0 = Debug|Any CPU
		{99AEC96C-09F0-4298-9549-AC6648B2903A}.Debug|x86.ActiveCfg = Debug|Any CPU
		{99AEC96C-09F0-4298-9549-AC6648B2903A}.Debug|x86.Build.0 = Debug|Any CPU
		{99AEC96C-09F0-4298-9549-AC6648B2903A}.Release|Any CPU.ActiveCfg = Release|Any CPU
		{99AEC96C-09F0-4298-9549-AC6648B2903A}.Release|Any CPU.Build.0 = Release|Any CPU
		{99AEC96C-09F0-4298-9549-AC6648B2903A}.Release|ARM.ActiveCfg = Release|Any CPU
		{99AEC96C-09F0-4298-9549-AC6648B2903A}.Release|ARM.Build.0 = Release|Any CPU
		{99AEC96C-09F0-4298-9549-AC6648B2903A}.Release|iPhone.ActiveCfg = Release|Any CPU
		{99AEC96C-09F0-4298-9549-AC6648B2903A}.Release|iPhone.Build.0 = Release|Any CPU
		{99AEC96C-09F0-4298-9549-AC6648B2903A}.Release|iPhoneSimulator.ActiveCfg = Release|Any CPU
		{99AEC96C-09F0-4298-9549-AC6648B2903A}.Release|iPhoneSimulator.Build.0 = Release|Any CPU
		{99AEC96C-09F0-4298-9549-AC6648B2903A}.Release|x64.ActiveCfg = Release|Any CPU
		{99AEC96C-09F0-4298-9549-AC6648B2903A}.Release|x64.Build.0 = Release|Any CPU
		{99AEC96C-09F0-4298-9549-AC6648B2903A}.Release|x86.ActiveCfg = Release|Any CPU
		{99AEC96C-09F0-4298-9549-AC6648B2903A}.Release|x86.Build.0 = Release|Any CPU
	EndGlobalSection
	GlobalSection(SolutionProperties) = preSolution
		HideSolutionNode = FALSE
	EndGlobalSection
EndGlobal
